PODS:
  - Crashlytics (3.13.4):
    - Fabric (~> 1.10.2)
  - Fabric (1.10.2)
  - GzipSwift (5.0.0)
  - Nuke (8.0.1)
  - ReachabilitySwift (4.3.1)
  - RxAppState (1.5.2):
    - RxCocoa (~> 5.0)
    - RxSwift (~> 5.0)
  - RxCocoa (5.0.0):
    - RxRelay (~> 5)
    - RxSwift (~> 5)
  - RxGesture (3.0.0):
    - RxCocoa (~> 5.0)
    - RxSwift (~> 5.0)
  - RxRelay (5.0.0):
    - RxSwift (~> 5)
  - RxSwift (5.0.0)
  - SnapKit (5.0.0)
  - Starscream (3.1.0)
  - StreamChat (1.1.2):
    - Nuke (~> 8.0)
    - RxGesture (~> 3.0)
    - SnapKit (~> 5.0)
    - StreamChatCore
    - SwiftyGif (~> 5.1)
  - StreamChatCore (1.1.2):
    - GzipSwift (~> 5.0)
    - ReachabilitySwift (~> 4.3)
    - RxAppState (~> 1.5)
    - RxSwift (~> 5.0)
    - Starscream (~> 3.0)
  - SwiftyGif (5.1.1)

DEPENDENCIES:
  - Crashlytics
  - StreamChat

SPEC REPOS:
  https://github.com/cocoapods/specs.git:
    - Crashlytics
    - Fabric
    - GzipSwift
    - Nuke
    - ReachabilitySwift
    - RxAppState
    - RxCocoa
    - RxGesture
    - RxRelay
    - RxSwift
    - SnapKit
    - Starscream
    - StreamChat
    - StreamChatCore
    - SwiftyGif

SPEC CHECKSUMS:
  Crashlytics: 2dfd686bcb918dc10ee0e76f7f853fe42c7bd552
  Fabric: 706c8b8098fff96c33c0db69cbf81f9c551d0d74
  GzipSwift: 5592f4d62b641e04d06443ba471f8ed76b1363e4
  Nuke: e6a65472f59c1bfe779cb495760951f0121ef7c0
  ReachabilitySwift: 4032e2f59586e11e3b0ebe15b167abdd587a388b
  RxAppState: 1108edd87f16d71fc20608beeec76fc3d08f5fc6
  RxCocoa: fcf32050ac00d801f34a7f71d5e8e7f23026dcd8
  RxGesture: 0cd8e37ff9a266e1c31f46bcaed6de1c536bc81e
  RxRelay: 4f7409406a51a55cd88483f21ed898c234d60f18
  RxSwift: 8b0671caa829a763bbce7271095859121cbd895f
  SnapKit: fd22d10eb9aff484d79a8724eab922c1ddf89bcf
  Starscream: 08172b481e145289c4930cb567230fb55897cfa4
  StreamChat: 7c162da1bee64173b73d38470d667d9c44fc6f67
  StreamChatCore: 0830c42a0db14616c2d5495f51ffbfef8ef1a64c
  SwiftyGif: f7702483db93586a41f04f4927cd682852a2fa10

PODFILE CHECKSUM: ff29c5aec05fc4c203cb5b2e3bd689038e8b6246

COCOAPODS: 1.7.5
