PODS:
  - EFQRCode (6.2.0):
    - swift_qrcodejs (~> 2.2.2)
  - Nuke (10.6.1)
  - Starscream (4.0.4)
  - StreamChat (4.2.0):
    - Starscream (~> 4.0)
  - StreamChatUI (4.2.0):
    - EFQRCode (~> 6.2.0)
    - Nuke (~> 10.0)
    - StreamChat (= 4.2.0)
    - swiftScan
    - SwiftyGif (~> 5.4.1)
  - swiftScan (1.2.1)
  - SwiftyGif (5.4.2)

DEPENDENCIES:
  - StreamChat (from `./`)
  - StreamChatUI (from `./`)
  - swiftScan (from `https://github.com/MxABC/swiftScan.git`)

SPEC REPOS:
  trunk:
    - EFQRCode
    - Nuke
    - Starscream
    - SwiftyGif

EXTERNAL SOURCES:
  StreamChat:
    :path: "./"
  StreamChatUI:
    :path: "./"
  swiftScan:
    :git: https://github.com/MxABC/swiftScan.git

CHECKOUT OPTIONS:
  swiftScan:
    :commit: b0cc9aea11140125b75d1baaccb16c9567cdf69a
    :git: https://github.com/MxABC/swiftScan.git

SPEC CHECKSUMS:
  EFQRCode: e93a5776d607c83b1c6c3bce7a86e1b487be48a2
  Nuke: 3ca210aee6d90756605c5125cbe40569fd9c06f7
  Starscream: 5178aed56b316f13fa3bc55694e583d35dd414d9
  StreamChat: 0871bc9e4fa9c354a4384be63fe221d4a665f70a
  StreamChatUI: 2c8d3765d274e31b04c44244e1f8e789807bcea6
  swiftScan: 0849e7d7c1c641384767a573ee8cb90b88d1ddd9
  SwiftyGif: dec758a9dd3d278e5a855dbf279bf062c923c387

PODFILE CHECKSUM: c3a8a32708581119e291e3478bb1045776536042

COCOAPODS: 1.11.2
