// !$*UTF8*$!
{
	archiveVersion = 1;
	classes = {
	};
	objectVersion = 51;
	objects = {

/* Begin PBXBuildFile section */
		617764128BA14B4B7D114ED0 /* Pods_GetStreamChat.framework in Frameworks */ = {isa = PBXBuildFile; fileRef = 020F21522E6ADD92E3B5416C /* Pods_GetStreamChat.framework */; };
		8A04675B224E7F1800493D74 /* AppDelegate.swift in Sources */ = {isa = PBXBuildFile; fileRef = 8A04675A224E7F1800493D74 /* AppDelegate.swift */; };
		8A046760224E7F1800493D74 /* Main.storyboard in Resources */ = {isa = PBXBuildFile; fileRef = 8A04675E224E7F1800493D74 /* Main.storyboard */; };
		8A046762224E7F1800493D74 /* Assets.xcassets in Resources */ = {isa = PBXBuildFile; fileRef = 8A046761224E7F1800493D74 /* Assets.xcassets */; };
		8A046765224E7F1800493D74 /* LaunchScreen.storyboard in Resources */ = {isa = PBXBuildFile; fileRef = 8A046763224E7F1800493D74 /* LaunchScreen.storyboard */; };
		8A057D5622B5A2440048C9DD /* Presenter.swift in Sources */ = {isa = PBXBuildFile; fileRef = 8A057D5522B5A2440048C9DD /* Presenter.swift */; };
		8A0755E8228DB04500A3E4AB /* MessageRead.swift in Sources */ = {isa = PBXBuildFile; fileRef = 8A0755E7228DB04500A3E4AB /* MessageRead.swift */; };
		8A0755EA228DB5C500A3E4AB /* ViewChanges.swift in Sources */ = {isa = PBXBuildFile; fileRef = 8A0755E9228DB5C500A3E4AB /* ViewChanges.swift */; };
		8A0E345222980933008D825E /* TableView.swift in Sources */ = {isa = PBXBuildFile; fileRef = 8A0E345122980933008D825E /* TableView.swift */; };
		8A1A9400225A0D7800060ACC /* UIEdgeInsets+Extensions.swift in Sources */ = {isa = PBXBuildFile; fileRef = 8A1A93FF225A0D7800060ACC /* UIEdgeInsets+Extensions.swift */; };
		8A1A9402225A436800060ACC /* CGRect+Extensions.swift in Sources */ = {isa = PBXBuildFile; fileRef = 8A1A9401225A436800060ACC /* CGRect+Extensions.swift */; };
		8A1A9404225B4C7100060ACC /* MessageViewStyle.swift in Sources */ = {isa = PBXBuildFile; fileRef = 8A1A9403225B4C7100060ACC /* MessageViewStyle.swift */; };
		8A1A9407225B4E7F00060ACC /* Reusable.swift in Sources */ = {isa = PBXBuildFile; fileRef = 8A1A9406225B4E7F00060ACC /* Reusable.swift */; };
		8A1A9409225B4EC900060ACC /* UITableView+Reusable.swift in Sources */ = {isa = PBXBuildFile; fileRef = 8A1A9408225B4EC900060ACC /* UITableView+Reusable.swift */; };
		8A1A940E225CC88200060ACC /* AttachmentPreview.swift in Sources */ = {isa = PBXBuildFile; fileRef = 8A1A940D225CC88200060ACC /* AttachmentPreview.swift */; };
		8A1A9410225CD17300060ACC /* ReactionViewStyle.swift in Sources */ = {isa = PBXBuildFile; fileRef = 8A1A940F225CD17300060ACC /* ReactionViewStyle.swift */; };
		8A1A9412225DFDA100060ACC /* ComposerView.swift in Sources */ = {isa = PBXBuildFile; fileRef = 8A1A9411225DFDA100060ACC /* ComposerView.swift */; };
		8A1A9414225E01F100060ACC /* ComposerViewStyle.swift in Sources */ = {isa = PBXBuildFile; fileRef = 8A1A9413225E01F100060ACC /* ComposerViewStyle.swift */; };
		8A1A9416225E2EB200060ACC /* DataDetectorWorker.swift in Sources */ = {isa = PBXBuildFile; fileRef = 8A1A9415225E2EB200060ACC /* DataDetectorWorker.swift */; };
		8A1A9418225E2FE000060ACC /* AttachmentCollectionViewCell.swift in Sources */ = {isa = PBXBuildFile; fileRef = 8A1A9417225E2FE000060ACC /* AttachmentCollectionViewCell.swift */; };
		8A1A941A225E321100060ACC /* UICollectionView+Reusable.swift in Sources */ = {isa = PBXBuildFile; fileRef = 8A1A9419225E321100060ACC /* UICollectionView+Reusable.swift */; };
		8A210D7D2264A22E00D51FFC /* MediaGalleryViewController.swift in Sources */ = {isa = PBXBuildFile; fileRef = 8A210D7C2264A22E00D51FFC /* MediaGalleryViewController.swift */; };
		8A2AD509229309FF009E5800 /* GetStreamChat.podspec in Resources */ = {isa = PBXBuildFile; fileRef = 8A2AD508229309FE009E5800 /* GetStreamChat.podspec */; };
		8A2B60E02278813E00419C8E /* WebSocket+Reconnect.swift in Sources */ = {isa = PBXBuildFile; fileRef = 8A2B60DF2278813E00419C8E /* WebSocket+Reconnect.swift */; };
		8A2CC95622842AED004CF12D /* ChatViewController+Attachments.swift in Sources */ = {isa = PBXBuildFile; fileRef = 8A2CC95522842AED004CF12D /* ChatViewController+Attachments.swift */; };
		8A2CC9582284AD77004CF12D /* ChatViewController+MessageActions.swift in Sources */ = {isa = PBXBuildFile; fileRef = 8A2CC9572284AD77004CF12D /* ChatViewController+MessageActions.swift */; };
		8A3E461822A9639D00DF464B /* ExtraData.swift in Sources */ = {isa = PBXBuildFile; fileRef = 8A3E461722A9639D00DF464B /* ExtraData.swift */; };
		8A3E461A22AAB71500DF464B /* Channel+Create.swift in Sources */ = {isa = PBXBuildFile; fileRef = 8A3E461922AAB71500DF464B /* Channel+Create.swift */; };
		8A40803B2280413E00F274FF /* IndexPath+Extensions.swift in Sources */ = {isa = PBXBuildFile; fileRef = 8A40803A2280413D00F274FF /* IndexPath+Extensions.swift */; };
		8A40803D22805ABA00F274FF /* ChatViewController+Reactions.swift in Sources */ = {isa = PBXBuildFile; fileRef = 8A40803C22805ABA00F274FF /* ChatViewController+Reactions.swift */; };
		8A40803F2280708900F274FF /* ReactionsView.swift in Sources */ = {isa = PBXBuildFile; fileRef = 8A40803E2280708900F274FF /* ReactionsView.swift */; };
		8A40804122818C7A00F274FF /* Int+Extensions.swift in Sources */ = {isa = PBXBuildFile; fileRef = 8A40804022818C7A00F274FF /* Int+Extensions.swift */; };
		8A4080432281BDCA00F274FF /* UIStackView+Extensions.swift in Sources */ = {isa = PBXBuildFile; fileRef = 8A4080422281BDCA00F274FF /* UIStackView+Extensions.swift */; };
		8A4FE7B9227C41EA00E47D4C /* MessageTableViewCell+Attachments.swift in Sources */ = {isa = PBXBuildFile; fileRef = 8A4FE7B8227C41EA00E47D4C /* MessageTableViewCell+Attachments.swift */; };
		8A4FE7BC227C485B00E47D4C /* MessageTableViewCell+Updates.swift in Sources */ = {isa = PBXBuildFile; fileRef = 8A4FE7BB227C485B00E47D4C /* MessageTableViewCell+Updates.swift */; };
		8A4FE7BF227CE69000E47D4C /* UIImage+Render.swift in Sources */ = {isa = PBXBuildFile; fileRef = 8A4FE7BE227CE69000E47D4C /* UIImage+Render.swift */; };
		8A4FE7C3227DBB7600E47D4C /* ChatViewController+Cells.swift in Sources */ = {isa = PBXBuildFile; fileRef = 8A4FE7C2227DBB7600E47D4C /* ChatViewController+Cells.swift */; };
		8A4FE7C5227DBC3A00E47D4C /* ChatViewController+TableFooterView.swift in Sources */ = {isa = PBXBuildFile; fileRef = 8A4FE7C4227DBC3A00E47D4C /* ChatViewController+TableFooterView.swift */; };
		8A5D1FEB2288365B007AB76C /* ComposerHelperContainerView.swift in Sources */ = {isa = PBXBuildFile; fileRef = 8A5D1FEA2288365B007AB76C /* ComposerHelperContainerView.swift */; };
		8A5D1FED22899421007AB76C /* ChatViewController+Composer.swift in Sources */ = {isa = PBXBuildFile; fileRef = 8A5D1FEC22899421007AB76C /* ChatViewController+Composer.swift */; };
		8A79480E22A0329700653CA6 /* ClientURLSessionTaskDelegate.swift in Sources */ = {isa = PBXBuildFile; fileRef = 8A79480D22A0329700653CA6 /* ClientURLSessionTaskDelegate.swift */; };
		8A889144225219E500DD6539 /* Client.swift in Sources */ = {isa = PBXBuildFile; fileRef = 8A889143225219E500DD6539 /* Client.swift */; };
		8A88914622521A0F00DD6539 /* GetStreamChat.xcassets in Resources */ = {isa = PBXBuildFile; fileRef = 8A88914522521A0F00DD6539 /* GetStreamChat.xcassets */; };
		8A88914822521E4800DD6539 /* ClientError.swift in Sources */ = {isa = PBXBuildFile; fileRef = 8A88914722521E4800DD6539 /* ClientError.swift */; };
		8A88914A2252309900DD6539 /* BaseURL.swift in Sources */ = {isa = PBXBuildFile; fileRef = 8A8891492252309900DD6539 /* BaseURL.swift */; };
		8A88914C2252337500DD6539 /* User.swift in Sources */ = {isa = PBXBuildFile; fileRef = 8A88914B2252337500DD6539 /* User.swift */; };
		8A8891502252379700DD6539 /* Channel.swift in Sources */ = {isa = PBXBuildFile; fileRef = 8A88914F2252379700DD6539 /* Channel.swift */; };
		8A889153225240F700DD6539 /* Event.swift in Sources */ = {isa = PBXBuildFile; fileRef = 8A889152225240F700DD6539 /* Event.swift */; };
		8A8891572252827E00DD6539 /* UIImage+Icons.swift in Sources */ = {isa = PBXBuildFile; fileRef = 8A8891562252827E00DD6539 /* UIImage+Icons.swift */; };
		8A88915A2252830C00DD6539 /* UIImage+Extensions.swift in Sources */ = {isa = PBXBuildFile; fileRef = 8A8891592252830C00DD6539 /* UIImage+Extensions.swift */; };
		8A88915C2252997200DD6539 /* ChatEndpoint.swift in Sources */ = {isa = PBXBuildFile; fileRef = 8A88915B2252997200DD6539 /* ChatEndpoint.swift */; };
		8A88915E22535FEC00DD6539 /* Message.swift in Sources */ = {isa = PBXBuildFile; fileRef = 8A88915D22535FEC00DD6539 /* Message.swift */; };
		8A88916022538CCE00DD6539 /* Data+Extensions.swift in Sources */ = {isa = PBXBuildFile; fileRef = 8A88915F22538CCE00DD6539 /* Data+Extensions.swift */; };
		8A8891622253A73000DD6539 /* ChannelQuery.swift in Sources */ = {isa = PBXBuildFile; fileRef = 8A8891612253A73000DD6539 /* ChannelQuery.swift */; };
		8A8891642253A86600DD6539 /* Codable+Extensions.swift in Sources */ = {isa = PBXBuildFile; fileRef = 8A8891632253A86600DD6539 /* Codable+Extensions.swift */; };
		8A8891682253D3A500DD6539 /* ClientLogger.swift in Sources */ = {isa = PBXBuildFile; fileRef = 8A8891672253D3A500DD6539 /* ClientLogger.swift */; };
		8A88916C2254A6B300DD6539 /* CustomChannel.swift in Sources */ = {isa = PBXBuildFile; fileRef = 8A88916B2254A6B300DD6539 /* CustomChannel.swift */; };
		8A88916F2254F59B00DD6539 /* ChannelPresenter.swift in Sources */ = {isa = PBXBuildFile; fileRef = 8A88916E2254F59B00DD6539 /* ChannelPresenter.swift */; };
		8A8891712254F73B00DD6539 /* ChatViewController.swift in Sources */ = {isa = PBXBuildFile; fileRef = 8A8891702254F73B00DD6539 /* ChatViewController.swift */; };
		8A8891732255000A00DD6539 /* UITableViewCell+Extensions.swift in Sources */ = {isa = PBXBuildFile; fileRef = 8A8891722255000A00DD6539 /* UITableViewCell+Extensions.swift */; };
		8A88917522550B2800DD6539 /* MessageTableViewCell.swift in Sources */ = {isa = PBXBuildFile; fileRef = 8A88917422550B2800DD6539 /* MessageTableViewCell.swift */; };
		8A88917722550E0C00DD6539 /* UIColor+Extensions.swift in Sources */ = {isa = PBXBuildFile; fileRef = 8A88917622550E0C00DD6539 /* UIColor+Extensions.swift */; };
		8A88917922550E8D00DD6539 /* UIFont+Extensions.swift in Sources */ = {isa = PBXBuildFile; fileRef = 8A88917822550E8D00DD6539 /* UIFont+Extensions.swift */; };
		8A88917B22550ECC00DD6539 /* CGFloat+Extensions.swift in Sources */ = {isa = PBXBuildFile; fileRef = 8A88917A22550ECC00DD6539 /* CGFloat+Extensions.swift */; };
		8A88917E22560EC100DD6539 /* Date+Extensions.swift in Sources */ = {isa = PBXBuildFile; fileRef = 8A88917D22560EC100DD6539 /* Date+Extensions.swift */; };
		8A889180225755D500DD6539 /* ChatViewStyle.swift in Sources */ = {isa = PBXBuildFile; fileRef = 8A88917F225755D500DD6539 /* ChatViewStyle.swift */; };
		8A8BC069228AE0D600687186 /* ChannelsViewController.swift in Sources */ = {isa = PBXBuildFile; fileRef = 8A8BC068228AE0D600687186 /* ChannelsViewController.swift */; };
		8A8BC06B228AE1B900687186 /* ChannelsPresenter.swift in Sources */ = {isa = PBXBuildFile; fileRef = 8A8BC06A228AE1B900687186 /* ChannelsPresenter.swift */; };
		8A8BC06D228AE22900687186 /* ChannelTableViewCell.swift in Sources */ = {isa = PBXBuildFile; fileRef = 8A8BC06C228AE22900687186 /* ChannelTableViewCell.swift */; };
		8A8BC06F228AE39D00687186 /* ChannelViewStyle.swift in Sources */ = {isa = PBXBuildFile; fileRef = 8A8BC06E228AE39D00687186 /* ChannelViewStyle.swift */; };
		8A8BC073228C152600687186 /* TimeInterval+Extensions.swift in Sources */ = {isa = PBXBuildFile; fileRef = 8A8BC072228C152600687186 /* TimeInterval+Extensions.swift */; };
		8A8BC075228C15C500687186 /* RxGesture+Extensions.swift in Sources */ = {isa = PBXBuildFile; fileRef = 8A8BC074228C15C500687186 /* RxGesture+Extensions.swift */; };
		8A9955C322899CD0005D8148 /* ComposerCommandView.swift in Sources */ = {isa = PBXBuildFile; fileRef = 8A9955C222899CD0005D8148 /* ComposerCommandView.swift */; };
		8A9955C52289C369005D8148 /* MessageAction.swift in Sources */ = {isa = PBXBuildFile; fileRef = 8A9955C42289C369005D8148 /* MessageAction.swift */; };
		8A9FA7CA22A51C83004A5678 /* MultipartFormData.swift in Sources */ = {isa = PBXBuildFile; fileRef = 8A9FA7C922A51C83004A5678 /* MultipartFormData.swift */; };
		8A9FA7CC22A52E9C004A5678 /* UIViewController+ImagePicker.swift in Sources */ = {isa = PBXBuildFile; fileRef = 8A9FA7CB22A52E9C004A5678 /* UIViewController+ImagePicker.swift */; };
		8AABC291226086ED0064CB20 /* Attachment.swift in Sources */ = {isa = PBXBuildFile; fileRef = 8AABC290226086ED0064CB20 /* Attachment.swift */; };
		8AABC29322608FB90064CB20 /* AttachmentFilePreview.swift in Sources */ = {isa = PBXBuildFile; fileRef = 8AABC29222608FB90064CB20 /* AttachmentFilePreview.swift */; };
		8AABC29622608FE10064CB20 /* AttachmentPreviewProtocol.swift in Sources */ = {isa = PBXBuildFile; fileRef = 8AABC29522608FE10064CB20 /* AttachmentPreviewProtocol.swift */; };
		8AABC2982260D9450064CB20 /* StatusTableViewCell.swift in Sources */ = {isa = PBXBuildFile; fileRef = 8AABC2972260D9450064CB20 /* StatusTableViewCell.swift */; };
		8AABC29A2262426A0064CB20 /* ChatItem.swift in Sources */ = {isa = PBXBuildFile; fileRef = 8AABC2992262426A0064CB20 /* ChatItem.swift */; };
		8AABC29C22627A1D0064CB20 /* Pagination.swift in Sources */ = {isa = PBXBuildFile; fileRef = 8AABC29B22627A1D0064CB20 /* Pagination.swift */; };
		8AABC29E22627AA20064CB20 /* Dictionary+Extensions.swift in Sources */ = {isa = PBXBuildFile; fileRef = 8AABC29D22627AA20064CB20 /* Dictionary+Extensions.swift */; };
		8AB1B8EF22675CCD002C65BD /* Result+Extensions.swift in Sources */ = {isa = PBXBuildFile; fileRef = 8AB1B8EE22675CCD002C65BD /* Result+Extensions.swift */; };
		8AB1B8F2226772C1002C65BD /* WebViewController.swift in Sources */ = {isa = PBXBuildFile; fileRef = 8AB1B8F1226772C1002C65BD /* WebViewController.swift */; };
		8AB1B8F422677EEA002C65BD /* String+Extensions.swift in Sources */ = {isa = PBXBuildFile; fileRef = 8AB1B8F322677EEA002C65BD /* String+Extensions.swift */; };
		8AB8FA742279F3F400C14D94 /* UIApplication+AppState.swift in Sources */ = {isa = PBXBuildFile; fileRef = 8AB8FA732279F3F400C14D94 /* UIApplication+AppState.swift */; };
		8AB8FA76227AFD8F00C14D94 /* UIViewController+Extensions.swift in Sources */ = {isa = PBXBuildFile; fileRef = 8AB8FA75227AFD8F00C14D94 /* UIViewController+Extensions.swift */; };
		8AB8FA78227B194C00C14D94 /* DismissSegue.swift in Sources */ = {isa = PBXBuildFile; fileRef = 8AB8FA77227B194C00C14D94 /* DismissSegue.swift */; };
		8ABC551C2276FB9D008F312B /* AvatarView.swift in Sources */ = {isa = PBXBuildFile; fileRef = 8ABC551B2276FB9D008F312B /* AvatarView.swift */; };
		8ABC5520227730C9008F312B /* UIView+Extensions.swift in Sources */ = {isa = PBXBuildFile; fileRef = 8ABC551F227730C9008F312B /* UIView+Extensions.swift */; };
		8ABC5523227799F6008F312B /* ChatFooterView.swift in Sources */ = {isa = PBXBuildFile; fileRef = 8ABC5522227799F6008F312B /* ChatFooterView.swift */; };
		8ABD997022B8DBCF00929D99 /* MessageTableViewCell+EnrichMessage.swift in Sources */ = {isa = PBXBuildFile; fileRef = 8ABD996F22B8DBCF00929D99 /* MessageTableViewCell+EnrichMessage.swift */; };
		8ABD997222B8E01B00929D99 /* CharacterSet+Extensions.swift in Sources */ = {isa = PBXBuildFile; fileRef = 8ABD997122B8E01B00929D99 /* CharacterSet+Extensions.swift */; };
		8ABD997422BA2F1F00929D99 /* UIDevice+Extensions.swift in Sources */ = {isa = PBXBuildFile; fileRef = 8ABD997322BA2F1F00929D99 /* UIDevice+Extensions.swift */; };
		8ABE5FDA22A67C92004F128C /* UIViewController+DocumentPicker.swift in Sources */ = {isa = PBXBuildFile; fileRef = 8ABE5FD922A67C92004F128C /* UIViewController+DocumentPicker.swift */; };
		8ABE5FDC22A67F3C004F128C /* RxDocumentPickerViewController.swift in Sources */ = {isa = PBXBuildFile; fileRef = 8ABE5FDB22A67F3C004F128C /* RxDocumentPickerViewController.swift */; };
		8ABE5FDF22A6814F004F128C /* String+FileType.swift in Sources */ = {isa = PBXBuildFile; fileRef = 8ABE5FDE22A6814F004F128C /* String+FileType.swift */; };
		8ABE5FE122A69FB3004F128C /* ComposerView+Images.swift in Sources */ = {isa = PBXBuildFile; fileRef = 8ABE5FE022A69FB3004F128C /* ComposerView+Images.swift */; };
		8ABE5FE322A6A066004F128C /* ComposerView+TextView.swift in Sources */ = {isa = PBXBuildFile; fileRef = 8ABE5FE222A6A066004F128C /* ComposerView+TextView.swift */; };
		8ABE5FE522A6A173004F128C /* ComposerView+Files.swift in Sources */ = {isa = PBXBuildFile; fileRef = 8ABE5FE422A6A173004F128C /* ComposerView+Files.swift */; };
		8ABE5FE722A6A98E004F128C /* ComposerFileView.swift in Sources */ = {isa = PBXBuildFile; fileRef = 8ABE5FE622A6A98E004F128C /* ComposerFileView.swift */; };
		8ABE5FE922A7B665004F128C /* URL+Media.swift in Sources */ = {isa = PBXBuildFile; fileRef = 8ABE5FE822A7B665004F128C /* URL+Media.swift */; };
		8ABF8260226F4A4600A966D9 /* WebSocket+Response.swift in Sources */ = {isa = PBXBuildFile; fileRef = 8ABF825F226F4A4600A966D9 /* WebSocket+Response.swift */; };
		8ABF8262226F643E00A966D9 /* Reaction.swift in Sources */ = {isa = PBXBuildFile; fileRef = 8ABF8261226F643E00A966D9 /* Reaction.swift */; };
		8ABF82642270668700A966D9 /* unwrap.swift in Sources */ = {isa = PBXBuildFile; fileRef = 8ABF82632270668700A966D9 /* unwrap.swift */; };
		8ABF82662270A72900A966D9 /* Client+RxRequest.swift in Sources */ = {isa = PBXBuildFile; fileRef = 8ABF82652270A72900A966D9 /* Client+RxRequest.swift */; };
		8ABF826A2273064600A966D9 /* UITableView+Extensions.swift in Sources */ = {isa = PBXBuildFile; fileRef = 8ABF82692273064600A966D9 /* UITableView+Extensions.swift */; };
		8ACAB167228ED6C900674F2D /* ChannelsQuery.swift in Sources */ = {isa = PBXBuildFile; fileRef = 8ACAB166228ED6C900674F2D /* ChannelsQuery.swift */; };
		8ACAB169228F645B00674F2D /* ChannelsResponse.swift in Sources */ = {isa = PBXBuildFile; fileRef = 8ACAB168228F645B00674F2D /* ChannelsResponse.swift */; };
		8AD04516229EA06C00CD6B77 /* ComposerAddFileView.swift in Sources */ = {isa = PBXBuildFile; fileRef = 8AD04515229EA06B00CD6B77 /* ComposerAddFileView.swift */; };
		8AD21B99229BEB8D009D6086 /* Utils.swift in Sources */ = {isa = PBXBuildFile; fileRef = 8AD21B98229BEB8D009D6086 /* Utils.swift */; };
		8AD21B9E229C2014009D6086 /* Notifications.swift in Sources */ = {isa = PBXBuildFile; fileRef = 8AD21B9D229C2014009D6086 /* Notifications.swift */; };
		8AD21BA0229D4813009D6086 /* UILabel+Extensions.swift in Sources */ = {isa = PBXBuildFile; fileRef = 8AD21B9F229D4813009D6086 /* UILabel+Extensions.swift */; };
		8AEC7D9E22A145B9000B5B97 /* Uploader.swift in Sources */ = {isa = PBXBuildFile; fileRef = 8AEC7D9D22A145B9000B5B97 /* Uploader.swift */; };
		8AFA806E22BA7AE40036F450 /* UIImagePickerController+Extensions.swift in Sources */ = {isa = PBXBuildFile; fileRef = 8AFA806D22BA7AE40036F450 /* UIImagePickerController+Extensions.swift */; };
		8AFA807022BA7CDD0036F450 /* Bundle+Extensions.swift in Sources */ = {isa = PBXBuildFile; fileRef = 8AFA806F22BA7CDD0036F450 /* Bundle+Extensions.swift */; };
		8AFC2A2722688299006278D4 /* Member.swift in Sources */ = {isa = PBXBuildFile; fileRef = 8AFC2A2622688299006278D4 /* Member.swift */; };
		8AFC2A292268933A006278D4 /* WebSocket.swift in Sources */ = {isa = PBXBuildFile; fileRef = 8AFC2A282268933A006278D4 /* WebSocket.swift */; };
		8AFC2A2B226893FF006278D4 /* RepeatingTimer.swift in Sources */ = {isa = PBXBuildFile; fileRef = 8AFC2A2A226893FF006278D4 /* RepeatingTimer.swift */; };
		8AFC2A2E226B5B37006278D4 /* Client+Request.swift in Sources */ = {isa = PBXBuildFile; fileRef = 8AFC2A2D226B5B37006278D4 /* Client+Request.swift */; };
		8AFC2A30226B5C87006278D4 /* Client+WebSocket.swift in Sources */ = {isa = PBXBuildFile; fileRef = 8AFC2A2F226B5C87006278D4 /* Client+WebSocket.swift */; };
/* End PBXBuildFile section */

/* Begin PBXFileReference section */
		020F21522E6ADD92E3B5416C /* Pods_GetStreamChat.framework */ = {isa = PBXFileReference; explicitFileType = wrapper.framework; includeInIndex = 0; path = Pods_GetStreamChat.framework; sourceTree = BUILT_PRODUCTS_DIR; };
		6096B0855B2D558344DC1272 /* Pods-GetStreamChat.debug.xcconfig */ = {isa = PBXFileReference; includeInIndex = 1; lastKnownFileType = text.xcconfig; name = "Pods-GetStreamChat.debug.xcconfig"; path = "Target Support Files/Pods-GetStreamChat/Pods-GetStreamChat.debug.xcconfig"; sourceTree = "<group>"; };
		8A046757224E7F1800493D74 /* GetStreamChat.app */ = {isa = PBXFileReference; explicitFileType = wrapper.application; includeInIndex = 0; path = GetStreamChat.app; sourceTree = BUILT_PRODUCTS_DIR; };
		8A04675A224E7F1800493D74 /* AppDelegate.swift */ = {isa = PBXFileReference; lastKnownFileType = sourcecode.swift; path = AppDelegate.swift; sourceTree = "<group>"; };
		8A04675F224E7F1800493D74 /* Base */ = {isa = PBXFileReference; lastKnownFileType = file.storyboard; name = Base; path = Base.lproj/Main.storyboard; sourceTree = "<group>"; };
		8A046761224E7F1800493D74 /* Assets.xcassets */ = {isa = PBXFileReference; lastKnownFileType = folder.assetcatalog; path = Assets.xcassets; sourceTree = "<group>"; };
		8A046764224E7F1800493D74 /* Base */ = {isa = PBXFileReference; lastKnownFileType = file.storyboard; name = Base; path = Base.lproj/LaunchScreen.storyboard; sourceTree = "<group>"; };
		8A046766224E7F1800493D74 /* Info.plist */ = {isa = PBXFileReference; lastKnownFileType = text.plist.xml; path = Info.plist; sourceTree = "<group>"; };
		8A057D5522B5A2440048C9DD /* Presenter.swift */ = {isa = PBXFileReference; lastKnownFileType = sourcecode.swift; path = Presenter.swift; sourceTree = "<group>"; };
		8A0755E7228DB04500A3E4AB /* MessageRead.swift */ = {isa = PBXFileReference; lastKnownFileType = sourcecode.swift; path = MessageRead.swift; sourceTree = "<group>"; };
		8A0755E9228DB5C500A3E4AB /* ViewChanges.swift */ = {isa = PBXFileReference; lastKnownFileType = sourcecode.swift; path = ViewChanges.swift; sourceTree = "<group>"; };
		8A0E345122980933008D825E /* TableView.swift */ = {isa = PBXFileReference; lastKnownFileType = sourcecode.swift; path = TableView.swift; sourceTree = "<group>"; };
		8A1A93FF225A0D7800060ACC /* UIEdgeInsets+Extensions.swift */ = {isa = PBXFileReference; lastKnownFileType = sourcecode.swift; path = "UIEdgeInsets+Extensions.swift"; sourceTree = "<group>"; };
		8A1A9401225A436800060ACC /* CGRect+Extensions.swift */ = {isa = PBXFileReference; lastKnownFileType = sourcecode.swift; path = "CGRect+Extensions.swift"; sourceTree = "<group>"; };
		8A1A9403225B4C7100060ACC /* MessageViewStyle.swift */ = {isa = PBXFileReference; lastKnownFileType = sourcecode.swift; path = MessageViewStyle.swift; sourceTree = "<group>"; };
		8A1A9406225B4E7F00060ACC /* Reusable.swift */ = {isa = PBXFileReference; lastKnownFileType = sourcecode.swift; path = Reusable.swift; sourceTree = "<group>"; };
		8A1A9408225B4EC900060ACC /* UITableView+Reusable.swift */ = {isa = PBXFileReference; lastKnownFileType = sourcecode.swift; path = "UITableView+Reusable.swift"; sourceTree = "<group>"; };
		8A1A940D225CC88200060ACC /* AttachmentPreview.swift */ = {isa = PBXFileReference; fileEncoding = 4; lastKnownFileType = sourcecode.swift; path = AttachmentPreview.swift; sourceTree = "<group>"; };
		8A1A940F225CD17300060ACC /* ReactionViewStyle.swift */ = {isa = PBXFileReference; lastKnownFileType = sourcecode.swift; path = ReactionViewStyle.swift; sourceTree = "<group>"; };
		8A1A9411225DFDA100060ACC /* ComposerView.swift */ = {isa = PBXFileReference; lastKnownFileType = sourcecode.swift; path = ComposerView.swift; sourceTree = "<group>"; };
		8A1A9413225E01F100060ACC /* ComposerViewStyle.swift */ = {isa = PBXFileReference; lastKnownFileType = sourcecode.swift; path = ComposerViewStyle.swift; sourceTree = "<group>"; };
		8A1A9415225E2EB200060ACC /* DataDetectorWorker.swift */ = {isa = PBXFileReference; lastKnownFileType = sourcecode.swift; path = DataDetectorWorker.swift; sourceTree = "<group>"; };
		8A1A9417225E2FE000060ACC /* AttachmentCollectionViewCell.swift */ = {isa = PBXFileReference; lastKnownFileType = sourcecode.swift; path = AttachmentCollectionViewCell.swift; sourceTree = "<group>"; };
		8A1A9419225E321100060ACC /* UICollectionView+Reusable.swift */ = {isa = PBXFileReference; lastKnownFileType = sourcecode.swift; path = "UICollectionView+Reusable.swift"; sourceTree = "<group>"; };
		8A210D7C2264A22E00D51FFC /* MediaGalleryViewController.swift */ = {isa = PBXFileReference; lastKnownFileType = sourcecode.swift; path = MediaGalleryViewController.swift; sourceTree = "<group>"; };
		8A2AD508229309FE009E5800 /* GetStreamChat.podspec */ = {isa = PBXFileReference; fileEncoding = 4; lastKnownFileType = text; path = GetStreamChat.podspec; sourceTree = SOURCE_ROOT; xcLanguageSpecificationIdentifier = xcode.lang.ruby; };
		8A2B60DF2278813E00419C8E /* WebSocket+Reconnect.swift */ = {isa = PBXFileReference; lastKnownFileType = sourcecode.swift; path = "WebSocket+Reconnect.swift"; sourceTree = "<group>"; };
		8A2CC95522842AED004CF12D /* ChatViewController+Attachments.swift */ = {isa = PBXFileReference; lastKnownFileType = sourcecode.swift; path = "ChatViewController+Attachments.swift"; sourceTree = "<group>"; };
		8A2CC9572284AD77004CF12D /* ChatViewController+MessageActions.swift */ = {isa = PBXFileReference; lastKnownFileType = sourcecode.swift; path = "ChatViewController+MessageActions.swift"; sourceTree = "<group>"; };
		8A3E461722A9639D00DF464B /* ExtraData.swift */ = {isa = PBXFileReference; lastKnownFileType = sourcecode.swift; path = ExtraData.swift; sourceTree = "<group>"; };
		8A3E461922AAB71500DF464B /* Channel+Create.swift */ = {isa = PBXFileReference; lastKnownFileType = sourcecode.swift; path = "Channel+Create.swift"; sourceTree = "<group>"; };
		8A40803A2280413D00F274FF /* IndexPath+Extensions.swift */ = {isa = PBXFileReference; lastKnownFileType = sourcecode.swift; path = "IndexPath+Extensions.swift"; sourceTree = "<group>"; };
		8A40803C22805ABA00F274FF /* ChatViewController+Reactions.swift */ = {isa = PBXFileReference; lastKnownFileType = sourcecode.swift; path = "ChatViewController+Reactions.swift"; sourceTree = "<group>"; };
		8A40803E2280708900F274FF /* ReactionsView.swift */ = {isa = PBXFileReference; lastKnownFileType = sourcecode.swift; path = ReactionsView.swift; sourceTree = "<group>"; };
		8A40804022818C7A00F274FF /* Int+Extensions.swift */ = {isa = PBXFileReference; lastKnownFileType = sourcecode.swift; path = "Int+Extensions.swift"; sourceTree = "<group>"; };
		8A4080422281BDCA00F274FF /* UIStackView+Extensions.swift */ = {isa = PBXFileReference; lastKnownFileType = sourcecode.swift; path = "UIStackView+Extensions.swift"; sourceTree = "<group>"; };
		8A4080442281C94600F274FF /* GetStreamChat.entitlements */ = {isa = PBXFileReference; lastKnownFileType = text.plist.entitlements; path = GetStreamChat.entitlements; sourceTree = "<group>"; };
		8A4FE7B8227C41EA00E47D4C /* MessageTableViewCell+Attachments.swift */ = {isa = PBXFileReference; lastKnownFileType = sourcecode.swift; path = "MessageTableViewCell+Attachments.swift"; sourceTree = "<group>"; };
		8A4FE7BB227C485B00E47D4C /* MessageTableViewCell+Updates.swift */ = {isa = PBXFileReference; lastKnownFileType = sourcecode.swift; path = "MessageTableViewCell+Updates.swift"; sourceTree = "<group>"; };
		8A4FE7BE227CE69000E47D4C /* UIImage+Render.swift */ = {isa = PBXFileReference; lastKnownFileType = sourcecode.swift; path = "UIImage+Render.swift"; sourceTree = "<group>"; };
		8A4FE7C2227DBB7600E47D4C /* ChatViewController+Cells.swift */ = {isa = PBXFileReference; lastKnownFileType = sourcecode.swift; path = "ChatViewController+Cells.swift"; sourceTree = "<group>"; };
		8A4FE7C4227DBC3A00E47D4C /* ChatViewController+TableFooterView.swift */ = {isa = PBXFileReference; lastKnownFileType = sourcecode.swift; path = "ChatViewController+TableFooterView.swift"; sourceTree = "<group>"; };
		8A5D1FEA2288365B007AB76C /* ComposerHelperContainerView.swift */ = {isa = PBXFileReference; lastKnownFileType = sourcecode.swift; path = ComposerHelperContainerView.swift; sourceTree = "<group>"; };
		8A5D1FEC22899421007AB76C /* ChatViewController+Composer.swift */ = {isa = PBXFileReference; lastKnownFileType = sourcecode.swift; path = "ChatViewController+Composer.swift"; sourceTree = "<group>"; };
		8A79480D22A0329700653CA6 /* ClientURLSessionTaskDelegate.swift */ = {isa = PBXFileReference; lastKnownFileType = sourcecode.swift; path = ClientURLSessionTaskDelegate.swift; sourceTree = "<group>"; };
		8A889143225219E500DD6539 /* Client.swift */ = {isa = PBXFileReference; lastKnownFileType = sourcecode.swift; path = Client.swift; sourceTree = "<group>"; };
		8A88914522521A0F00DD6539 /* GetStreamChat.xcassets */ = {isa = PBXFileReference; lastKnownFileType = folder.assetcatalog; path = GetStreamChat.xcassets; sourceTree = "<group>"; };
		8A88914722521E4800DD6539 /* ClientError.swift */ = {isa = PBXFileReference; lastKnownFileType = sourcecode.swift; path = ClientError.swift; sourceTree = "<group>"; };
		8A8891492252309900DD6539 /* BaseURL.swift */ = {isa = PBXFileReference; lastKnownFileType = sourcecode.swift; path = BaseURL.swift; sourceTree = "<group>"; };
		8A88914B2252337500DD6539 /* User.swift */ = {isa = PBXFileReference; lastKnownFileType = sourcecode.swift; path = User.swift; sourceTree = "<group>"; };
		8A88914F2252379700DD6539 /* Channel.swift */ = {isa = PBXFileReference; lastKnownFileType = sourcecode.swift; path = Channel.swift; sourceTree = "<group>"; };
		8A889152225240F700DD6539 /* Event.swift */ = {isa = PBXFileReference; lastKnownFileType = sourcecode.swift; path = Event.swift; sourceTree = "<group>"; };
		8A8891562252827E00DD6539 /* UIImage+Icons.swift */ = {isa = PBXFileReference; lastKnownFileType = sourcecode.swift; path = "UIImage+Icons.swift"; sourceTree = "<group>"; };
		8A8891592252830C00DD6539 /* UIImage+Extensions.swift */ = {isa = PBXFileReference; lastKnownFileType = sourcecode.swift; path = "UIImage+Extensions.swift"; sourceTree = "<group>"; };
		8A88915B2252997200DD6539 /* ChatEndpoint.swift */ = {isa = PBXFileReference; lastKnownFileType = sourcecode.swift; path = ChatEndpoint.swift; sourceTree = "<group>"; };
		8A88915D22535FEC00DD6539 /* Message.swift */ = {isa = PBXFileReference; lastKnownFileType = sourcecode.swift; path = Message.swift; sourceTree = "<group>"; };
		8A88915F22538CCE00DD6539 /* Data+Extensions.swift */ = {isa = PBXFileReference; lastKnownFileType = sourcecode.swift; path = "Data+Extensions.swift"; sourceTree = "<group>"; };
		8A8891612253A73000DD6539 /* ChannelQuery.swift */ = {isa = PBXFileReference; lastKnownFileType = sourcecode.swift; path = ChannelQuery.swift; sourceTree = "<group>"; };
		8A8891632253A86600DD6539 /* Codable+Extensions.swift */ = {isa = PBXFileReference; lastKnownFileType = sourcecode.swift; path = "Codable+Extensions.swift"; sourceTree = "<group>"; };
		8A8891672253D3A500DD6539 /* ClientLogger.swift */ = {isa = PBXFileReference; lastKnownFileType = sourcecode.swift; path = ClientLogger.swift; sourceTree = "<group>"; };
		8A88916B2254A6B300DD6539 /* CustomChannel.swift */ = {isa = PBXFileReference; lastKnownFileType = sourcecode.swift; path = CustomChannel.swift; sourceTree = "<group>"; };
		8A88916E2254F59B00DD6539 /* ChannelPresenter.swift */ = {isa = PBXFileReference; lastKnownFileType = sourcecode.swift; path = ChannelPresenter.swift; sourceTree = "<group>"; };
		8A8891702254F73B00DD6539 /* ChatViewController.swift */ = {isa = PBXFileReference; lastKnownFileType = sourcecode.swift; path = ChatViewController.swift; sourceTree = "<group>"; };
		8A8891722255000A00DD6539 /* UITableViewCell+Extensions.swift */ = {isa = PBXFileReference; lastKnownFileType = sourcecode.swift; path = "UITableViewCell+Extensions.swift"; sourceTree = "<group>"; };
		8A88917422550B2800DD6539 /* MessageTableViewCell.swift */ = {isa = PBXFileReference; lastKnownFileType = sourcecode.swift; path = MessageTableViewCell.swift; sourceTree = "<group>"; };
		8A88917622550E0C00DD6539 /* UIColor+Extensions.swift */ = {isa = PBXFileReference; lastKnownFileType = sourcecode.swift; path = "UIColor+Extensions.swift"; sourceTree = "<group>"; };
		8A88917822550E8D00DD6539 /* UIFont+Extensions.swift */ = {isa = PBXFileReference; lastKnownFileType = sourcecode.swift; path = "UIFont+Extensions.swift"; sourceTree = "<group>"; };
		8A88917A22550ECC00DD6539 /* CGFloat+Extensions.swift */ = {isa = PBXFileReference; lastKnownFileType = sourcecode.swift; path = "CGFloat+Extensions.swift"; sourceTree = "<group>"; };
		8A88917D22560EC100DD6539 /* Date+Extensions.swift */ = {isa = PBXFileReference; lastKnownFileType = sourcecode.swift; path = "Date+Extensions.swift"; sourceTree = "<group>"; };
		8A88917F225755D500DD6539 /* ChatViewStyle.swift */ = {isa = PBXFileReference; lastKnownFileType = sourcecode.swift; path = ChatViewStyle.swift; sourceTree = "<group>"; };
		8A8BC068228AE0D600687186 /* ChannelsViewController.swift */ = {isa = PBXFileReference; lastKnownFileType = sourcecode.swift; path = ChannelsViewController.swift; sourceTree = "<group>"; };
		8A8BC06A228AE1B900687186 /* ChannelsPresenter.swift */ = {isa = PBXFileReference; lastKnownFileType = sourcecode.swift; path = ChannelsPresenter.swift; sourceTree = "<group>"; };
		8A8BC06C228AE22900687186 /* ChannelTableViewCell.swift */ = {isa = PBXFileReference; lastKnownFileType = sourcecode.swift; path = ChannelTableViewCell.swift; sourceTree = "<group>"; };
		8A8BC06E228AE39D00687186 /* ChannelViewStyle.swift */ = {isa = PBXFileReference; lastKnownFileType = sourcecode.swift; path = ChannelViewStyle.swift; sourceTree = "<group>"; };
		8A8BC072228C152600687186 /* TimeInterval+Extensions.swift */ = {isa = PBXFileReference; lastKnownFileType = sourcecode.swift; path = "TimeInterval+Extensions.swift"; sourceTree = "<group>"; };
		8A8BC074228C15C500687186 /* RxGesture+Extensions.swift */ = {isa = PBXFileReference; lastKnownFileType = sourcecode.swift; path = "RxGesture+Extensions.swift"; sourceTree = "<group>"; };
		8A9955C222899CD0005D8148 /* ComposerCommandView.swift */ = {isa = PBXFileReference; lastKnownFileType = sourcecode.swift; path = ComposerCommandView.swift; sourceTree = "<group>"; };
		8A9955C42289C369005D8148 /* MessageAction.swift */ = {isa = PBXFileReference; lastKnownFileType = sourcecode.swift; path = MessageAction.swift; sourceTree = "<group>"; };
		8A9FA7C922A51C83004A5678 /* MultipartFormData.swift */ = {isa = PBXFileReference; lastKnownFileType = sourcecode.swift; path = MultipartFormData.swift; sourceTree = "<group>"; };
		8A9FA7CB22A52E9C004A5678 /* UIViewController+ImagePicker.swift */ = {isa = PBXFileReference; lastKnownFileType = sourcecode.swift; path = "UIViewController+ImagePicker.swift"; sourceTree = "<group>"; };
		8AABC290226086ED0064CB20 /* Attachment.swift */ = {isa = PBXFileReference; lastKnownFileType = sourcecode.swift; path = Attachment.swift; sourceTree = "<group>"; };
		8AABC29222608FB90064CB20 /* AttachmentFilePreview.swift */ = {isa = PBXFileReference; lastKnownFileType = sourcecode.swift; path = AttachmentFilePreview.swift; sourceTree = "<group>"; };
		8AABC29522608FE10064CB20 /* AttachmentPreviewProtocol.swift */ = {isa = PBXFileReference; lastKnownFileType = sourcecode.swift; path = AttachmentPreviewProtocol.swift; sourceTree = "<group>"; };
		8AABC2972260D9450064CB20 /* StatusTableViewCell.swift */ = {isa = PBXFileReference; lastKnownFileType = sourcecode.swift; path = StatusTableViewCell.swift; sourceTree = "<group>"; };
		8AABC2992262426A0064CB20 /* ChatItem.swift */ = {isa = PBXFileReference; lastKnownFileType = sourcecode.swift; path = ChatItem.swift; sourceTree = "<group>"; };
		8AABC29B22627A1D0064CB20 /* Pagination.swift */ = {isa = PBXFileReference; lastKnownFileType = sourcecode.swift; path = Pagination.swift; sourceTree = "<group>"; };
		8AABC29D22627AA20064CB20 /* Dictionary+Extensions.swift */ = {isa = PBXFileReference; lastKnownFileType = sourcecode.swift; path = "Dictionary+Extensions.swift"; sourceTree = "<group>"; };
		8AB1B8EE22675CCD002C65BD /* Result+Extensions.swift */ = {isa = PBXFileReference; lastKnownFileType = sourcecode.swift; path = "Result+Extensions.swift"; sourceTree = "<group>"; };
		8AB1B8F1226772C1002C65BD /* WebViewController.swift */ = {isa = PBXFileReference; lastKnownFileType = sourcecode.swift; path = WebViewController.swift; sourceTree = "<group>"; };
		8AB1B8F322677EEA002C65BD /* String+Extensions.swift */ = {isa = PBXFileReference; lastKnownFileType = sourcecode.swift; path = "String+Extensions.swift"; sourceTree = "<group>"; };
		8AB8FA732279F3F400C14D94 /* UIApplication+AppState.swift */ = {isa = PBXFileReference; lastKnownFileType = sourcecode.swift; path = "UIApplication+AppState.swift"; sourceTree = "<group>"; };
		8AB8FA75227AFD8F00C14D94 /* UIViewController+Extensions.swift */ = {isa = PBXFileReference; lastKnownFileType = sourcecode.swift; path = "UIViewController+Extensions.swift"; sourceTree = "<group>"; };
		8AB8FA77227B194C00C14D94 /* DismissSegue.swift */ = {isa = PBXFileReference; lastKnownFileType = sourcecode.swift; path = DismissSegue.swift; sourceTree = "<group>"; };
		8ABC551B2276FB9D008F312B /* AvatarView.swift */ = {isa = PBXFileReference; lastKnownFileType = sourcecode.swift; path = AvatarView.swift; sourceTree = "<group>"; };
		8ABC551F227730C9008F312B /* UIView+Extensions.swift */ = {isa = PBXFileReference; lastKnownFileType = sourcecode.swift; path = "UIView+Extensions.swift"; sourceTree = "<group>"; };
		8ABC5522227799F6008F312B /* ChatFooterView.swift */ = {isa = PBXFileReference; lastKnownFileType = sourcecode.swift; path = ChatFooterView.swift; sourceTree = "<group>"; };
		8ABD996F22B8DBCF00929D99 /* MessageTableViewCell+EnrichMessage.swift */ = {isa = PBXFileReference; lastKnownFileType = sourcecode.swift; path = "MessageTableViewCell+EnrichMessage.swift"; sourceTree = "<group>"; };
		8ABD997122B8E01B00929D99 /* CharacterSet+Extensions.swift */ = {isa = PBXFileReference; lastKnownFileType = sourcecode.swift; path = "CharacterSet+Extensions.swift"; sourceTree = "<group>"; };
		8ABD997322BA2F1F00929D99 /* UIDevice+Extensions.swift */ = {isa = PBXFileReference; lastKnownFileType = sourcecode.swift; path = "UIDevice+Extensions.swift"; sourceTree = "<group>"; };
		8ABE5FD922A67C92004F128C /* UIViewController+DocumentPicker.swift */ = {isa = PBXFileReference; lastKnownFileType = sourcecode.swift; path = "UIViewController+DocumentPicker.swift"; sourceTree = "<group>"; };
		8ABE5FDB22A67F3C004F128C /* RxDocumentPickerViewController.swift */ = {isa = PBXFileReference; lastKnownFileType = sourcecode.swift; path = RxDocumentPickerViewController.swift; sourceTree = "<group>"; };
		8ABE5FDE22A6814F004F128C /* String+FileType.swift */ = {isa = PBXFileReference; lastKnownFileType = sourcecode.swift; path = "String+FileType.swift"; sourceTree = "<group>"; };
		8ABE5FE022A69FB3004F128C /* ComposerView+Images.swift */ = {isa = PBXFileReference; lastKnownFileType = sourcecode.swift; path = "ComposerView+Images.swift"; sourceTree = "<group>"; };
		8ABE5FE222A6A066004F128C /* ComposerView+TextView.swift */ = {isa = PBXFileReference; lastKnownFileType = sourcecode.swift; path = "ComposerView+TextView.swift"; sourceTree = "<group>"; };
		8ABE5FE422A6A173004F128C /* ComposerView+Files.swift */ = {isa = PBXFileReference; lastKnownFileType = sourcecode.swift; path = "ComposerView+Files.swift"; sourceTree = "<group>"; };
		8ABE5FE622A6A98E004F128C /* ComposerFileView.swift */ = {isa = PBXFileReference; lastKnownFileType = sourcecode.swift; path = ComposerFileView.swift; sourceTree = "<group>"; };
		8ABE5FE822A7B665004F128C /* URL+Media.swift */ = {isa = PBXFileReference; lastKnownFileType = sourcecode.swift; path = "URL+Media.swift"; sourceTree = "<group>"; };
		8ABF825F226F4A4600A966D9 /* WebSocket+Response.swift */ = {isa = PBXFileReference; lastKnownFileType = sourcecode.swift; path = "WebSocket+Response.swift"; sourceTree = "<group>"; };
		8ABF8261226F643E00A966D9 /* Reaction.swift */ = {isa = PBXFileReference; lastKnownFileType = sourcecode.swift; path = Reaction.swift; sourceTree = "<group>"; };
		8ABF82632270668700A966D9 /* unwrap.swift */ = {isa = PBXFileReference; lastKnownFileType = sourcecode.swift; path = unwrap.swift; sourceTree = "<group>"; };
		8ABF82652270A72900A966D9 /* Client+RxRequest.swift */ = {isa = PBXFileReference; lastKnownFileType = sourcecode.swift; path = "Client+RxRequest.swift"; sourceTree = "<group>"; };
		8ABF82692273064600A966D9 /* UITableView+Extensions.swift */ = {isa = PBXFileReference; lastKnownFileType = sourcecode.swift; path = "UITableView+Extensions.swift"; sourceTree = "<group>"; };
		8ACAB166228ED6C900674F2D /* ChannelsQuery.swift */ = {isa = PBXFileReference; lastKnownFileType = sourcecode.swift; path = ChannelsQuery.swift; sourceTree = "<group>"; };
		8ACAB168228F645B00674F2D /* ChannelsResponse.swift */ = {isa = PBXFileReference; lastKnownFileType = sourcecode.swift; path = ChannelsResponse.swift; sourceTree = "<group>"; };
		8AD04515229EA06B00CD6B77 /* ComposerAddFileView.swift */ = {isa = PBXFileReference; lastKnownFileType = sourcecode.swift; path = ComposerAddFileView.swift; sourceTree = "<group>"; };
		8AD21B98229BEB8D009D6086 /* Utils.swift */ = {isa = PBXFileReference; lastKnownFileType = sourcecode.swift; path = Utils.swift; sourceTree = "<group>"; };
		8AD21B9D229C2014009D6086 /* Notifications.swift */ = {isa = PBXFileReference; lastKnownFileType = sourcecode.swift; path = Notifications.swift; sourceTree = "<group>"; };
		8AD21B9F229D4813009D6086 /* UILabel+Extensions.swift */ = {isa = PBXFileReference; lastKnownFileType = sourcecode.swift; path = "UILabel+Extensions.swift"; sourceTree = "<group>"; };
		8AEC7D9D22A145B9000B5B97 /* Uploader.swift */ = {isa = PBXFileReference; lastKnownFileType = sourcecode.swift; path = Uploader.swift; sourceTree = "<group>"; };
		8AFA806D22BA7AE40036F450 /* UIImagePickerController+Extensions.swift */ = {isa = PBXFileReference; lastKnownFileType = sourcecode.swift; path = "UIImagePickerController+Extensions.swift"; sourceTree = "<group>"; };
		8AFA806F22BA7CDD0036F450 /* Bundle+Extensions.swift */ = {isa = PBXFileReference; lastKnownFileType = sourcecode.swift; path = "Bundle+Extensions.swift"; sourceTree = "<group>"; };
		8AFC2A2622688299006278D4 /* Member.swift */ = {isa = PBXFileReference; lastKnownFileType = sourcecode.swift; path = Member.swift; sourceTree = "<group>"; };
		8AFC2A282268933A006278D4 /* WebSocket.swift */ = {isa = PBXFileReference; lastKnownFileType = sourcecode.swift; path = WebSocket.swift; sourceTree = "<group>"; };
		8AFC2A2A226893FF006278D4 /* RepeatingTimer.swift */ = {isa = PBXFileReference; lastKnownFileType = sourcecode.swift; path = RepeatingTimer.swift; sourceTree = "<group>"; };
		8AFC2A2D226B5B37006278D4 /* Client+Request.swift */ = {isa = PBXFileReference; lastKnownFileType = sourcecode.swift; path = "Client+Request.swift"; sourceTree = "<group>"; };
		8AFC2A2F226B5C87006278D4 /* Client+WebSocket.swift */ = {isa = PBXFileReference; lastKnownFileType = sourcecode.swift; path = "Client+WebSocket.swift"; sourceTree = "<group>"; };
		E7A44397211C3D782D15E11D /* Pods-GetStreamChat.release.xcconfig */ = {isa = PBXFileReference; includeInIndex = 1; lastKnownFileType = text.xcconfig; name = "Pods-GetStreamChat.release.xcconfig"; path = "Target Support Files/Pods-GetStreamChat/Pods-GetStreamChat.release.xcconfig"; sourceTree = "<group>"; };
/* End PBXFileReference section */

/* Begin PBXFrameworksBuildPhase section */
		8A046754224E7F1800493D74 /* Frameworks */ = {
			isa = PBXFrameworksBuildPhase;
			buildActionMask = 2147483647;
			files = (
				617764128BA14B4B7D114ED0 /* Pods_GetStreamChat.framework in Frameworks */,
			);
			runOnlyForDeploymentPostprocessing = 0;
		};
/* End PBXFrameworksBuildPhase section */

/* Begin PBXGroup section */
		8A04674E224E7F1700493D74 = {
			isa = PBXGroup;
			children = (
				8A889141225219B100DD6539 /* Sources */,
				8A046759224E7F1800493D74 /* GetStreamChat */,
				8A046758224E7F1800493D74 /* Products */,
				E4BFB61CCC31ACB2AD7AAA5D /* Pods */,
				EE25B53FE74811FD1ADEC76E /* Frameworks */,
			);
			sourceTree = "<group>";
		};
		8A046758224E7F1800493D74 /* Products */ = {
			isa = PBXGroup;
			children = (
				8A046757224E7F1800493D74 /* GetStreamChat.app */,
			);
			name = Products;
			sourceTree = "<group>";
		};
		8A046759224E7F1800493D74 /* GetStreamChat */ = {
			isa = PBXGroup;
			children = (
				8A4080442281C94600F274FF /* GetStreamChat.entitlements */,
				8A04675A224E7F1800493D74 /* AppDelegate.swift */,
				8A04675E224E7F1800493D74 /* Main.storyboard */,
				8A046761224E7F1800493D74 /* Assets.xcassets */,
				8A046763224E7F1800493D74 /* LaunchScreen.storyboard */,
				8A046766224E7F1800493D74 /* Info.plist */,
				8A2AD508229309FE009E5800 /* GetStreamChat.podspec */,
			);
			path = GetStreamChat;
			sourceTree = "<group>";
		};
		8A1A9405225B4E6900060ACC /* Reusable */ = {
			isa = PBXGroup;
			children = (
				8A1A9406225B4E7F00060ACC /* Reusable.swift */,
				8A1A9408225B4EC900060ACC /* UITableView+Reusable.swift */,
				8A1A9419225E321100060ACC /* UICollectionView+Reusable.swift */,
			);
			path = Reusable;
			sourceTree = "<group>";
		};
		8A1A940A225C8F6000060ACC /* Style */ = {
			isa = PBXGroup;
			children = (
				8A88917F225755D500DD6539 /* ChatViewStyle.swift */,
				8A8BC06E228AE39D00687186 /* ChannelViewStyle.swift */,
				8A1A9403225B4C7100060ACC /* MessageViewStyle.swift */,
				8A1A940F225CD17300060ACC /* ReactionViewStyle.swift */,
				8A1A9413225E01F100060ACC /* ComposerViewStyle.swift */,
			);
			path = Style;
			sourceTree = "<group>";
		};
		8A210D7B2264A1FC00D51FFC /* Image Gallery */ = {
			isa = PBXGroup;
			children = (
				8A210D7C2264A22E00D51FFC /* MediaGalleryViewController.swift */,
			);
			path = "Image Gallery";
			sourceTree = "<group>";
		};
		8A210D7E2264C3C700D51FFC /* Chat */ = {
			isa = PBXGroup;
			children = (
				8A88916E2254F59B00DD6539 /* ChannelPresenter.swift */,
				8A408039228026D400F274FF /* Chat View Controller */,
				8A5D1FE922883626007AB76C /* Composer */,
				8ABC5522227799F6008F312B /* ChatFooterView.swift */,
				8ABC551B2276FB9D008F312B /* AvatarView.swift */,
				8A40803E2280708900F274FF /* ReactionsView.swift */,
				8A4FE7BA227C480700E47D4C /* Cells */,
				8AABC29422608FCA0064CB20 /* Attachments */,
			);
			path = Chat;
			sourceTree = "<group>";
		};
		8A408039228026D400F274FF /* Chat View Controller */ = {
			isa = PBXGroup;
			children = (
				8A8891702254F73B00DD6539 /* ChatViewController.swift */,
				8A5D1FEC22899421007AB76C /* ChatViewController+Composer.swift */,
				8A4FE7C2227DBB7600E47D4C /* ChatViewController+Cells.swift */,
				8A2CC95522842AED004CF12D /* ChatViewController+Attachments.swift */,
				8A40803C22805ABA00F274FF /* ChatViewController+Reactions.swift */,
				8A2CC9572284AD77004CF12D /* ChatViewController+MessageActions.swift */,
				8A4FE7C4227DBC3A00E47D4C /* ChatViewController+TableFooterView.swift */,
			);
			path = "Chat View Controller";
			sourceTree = "<group>";
		};
		8A4FE7BA227C480700E47D4C /* Cells */ = {
			isa = PBXGroup;
			children = (
				8A88917422550B2800DD6539 /* MessageTableViewCell.swift */,
				8A4FE7BB227C485B00E47D4C /* MessageTableViewCell+Updates.swift */,
				8ABD996F22B8DBCF00929D99 /* MessageTableViewCell+EnrichMessage.swift */,
				8A4FE7B8227C41EA00E47D4C /* MessageTableViewCell+Attachments.swift */,
				8AABC2972260D9450064CB20 /* StatusTableViewCell.swift */,
			);
			path = Cells;
			sourceTree = "<group>";
		};
		8A4FE7BD227CE67000E47D4C /* UIImage */ = {
			isa = PBXGroup;
			children = (
				8A8891562252827E00DD6539 /* UIImage+Icons.swift */,
				8A8891592252830C00DD6539 /* UIImage+Extensions.swift */,
				8A4FE7BE227CE69000E47D4C /* UIImage+Render.swift */,
			);
			path = UIImage;
			sourceTree = "<group>";
		};
		8A5D1FE922883626007AB76C /* Composer */ = {
			isa = PBXGroup;
			children = (
				8A1A9411225DFDA100060ACC /* ComposerView.swift */,
				8ABE5FE222A6A066004F128C /* ComposerView+TextView.swift */,
				8ABE5FE022A69FB3004F128C /* ComposerView+Images.swift */,
				8ABE5FE422A6A173004F128C /* ComposerView+Files.swift */,
				8A5D1FEA2288365B007AB76C /* ComposerHelperContainerView.swift */,
				8A9955C222899CD0005D8148 /* ComposerCommandView.swift */,
				8AD04515229EA06B00CD6B77 /* ComposerAddFileView.swift */,
				8ABE5FE622A6A98E004F128C /* ComposerFileView.swift */,
				8A1A9417225E2FE000060ACC /* AttachmentCollectionViewCell.swift */,
			);
			path = Composer;
			sourceTree = "<group>";
		};
		8A889141225219B100DD6539 /* Sources */ = {
			isa = PBXGroup;
			children = (
				8A88915122523FB800DD6539 /* Client */,
				8A8891692253D3D200DD6539 /* Model */,
				8A88916D2254F58500DD6539 /* View */,
				8A8891582252828300DD6539 /* Extensions */,
				8A88916A2254A69D00DD6539 /* Customization Examples */,
				8A88914522521A0F00DD6539 /* GetStreamChat.xcassets */,
			);
			path = Sources;
			sourceTree = "<group>";
		};
		8A88915122523FB800DD6539 /* Client */ = {
			isa = PBXGroup;
			children = (
				8A889143225219E500DD6539 /* Client.swift */,
				8AFC2A2D226B5B37006278D4 /* Client+Request.swift */,
				8ABF82652270A72900A966D9 /* Client+RxRequest.swift */,
				8AFC2A2F226B5C87006278D4 /* Client+WebSocket.swift */,
				8A88914722521E4800DD6539 /* ClientError.swift */,
				8A8891672253D3A500DD6539 /* ClientLogger.swift */,
				8A8891492252309900DD6539 /* BaseURL.swift */,
				8A88915B2252997200DD6539 /* ChatEndpoint.swift */,
				8A9FA7C822A51C70004A5678 /* Upload */,
				8AFC2A2C2268B124006278D4 /* WebSocket */,
				8AEC7D9D22A145B9000B5B97 /* Uploader.swift */,
			);
			path = Client;
			sourceTree = "<group>";
		};
		8A8891582252828300DD6539 /* Extensions */ = {
			isa = PBXGroup;
			children = (
				8AABC28D225F42BB0064CB20 /* Rx */,
				8A88917C22560E8E00DD6539 /* UIKit */,
				8ABE5FDD22A68133004F128C /* String */,
				8A88915F22538CCE00DD6539 /* Data+Extensions.swift */,
				8A88917D22560EC100DD6539 /* Date+Extensions.swift */,
				8A8891632253A86600DD6539 /* Codable+Extensions.swift */,
				8AABC29D22627AA20064CB20 /* Dictionary+Extensions.swift */,
				8AB1B8EE22675CCD002C65BD /* Result+Extensions.swift */,
				8A40804022818C7A00F274FF /* Int+Extensions.swift */,
				8A8BC072228C152600687186 /* TimeInterval+Extensions.swift */,
				8AD21B98229BEB8D009D6086 /* Utils.swift */,
				8ABE5FE822A7B665004F128C /* URL+Media.swift */,
				8ABD997122B8E01B00929D99 /* CharacterSet+Extensions.swift */,
				8AFA806F22BA7CDD0036F450 /* Bundle+Extensions.swift */,
			);
			path = Extensions;
			sourceTree = "<group>";
		};
		8A8891692253D3D200DD6539 /* Model */ = {
			isa = PBXGroup;
			children = (
				8ACAB166228ED6C900674F2D /* ChannelsQuery.swift */,
				8A8891612253A73000DD6539 /* ChannelQuery.swift */,
				8A88914F2252379700DD6539 /* Channel.swift */,
				8A3E461922AAB71500DF464B /* Channel+Create.swift */,
				8A88914B2252337500DD6539 /* User.swift */,
				8AFC2A2622688299006278D4 /* Member.swift */,
				8A889152225240F700DD6539 /* Event.swift */,
				8A88915D22535FEC00DD6539 /* Message.swift */,
				8A9955C42289C369005D8148 /* MessageAction.swift */,
				8AABC290226086ED0064CB20 /* Attachment.swift */,
				8ABF8261226F643E00A966D9 /* Reaction.swift */,
				8AABC2992262426A0064CB20 /* ChatItem.swift */,
				8AABC29B22627A1D0064CB20 /* Pagination.swift */,
				8A0755E7228DB04500A3E4AB /* MessageRead.swift */,
				8A0755E9228DB5C500A3E4AB /* ViewChanges.swift */,
				8ACAB168228F645B00674F2D /* ChannelsResponse.swift */,
				8A3E461722A9639D00DF464B /* ExtraData.swift */,
			);
			path = Model;
			sourceTree = "<group>";
		};
		8A88916A2254A69D00DD6539 /* Customization Examples */ = {
			isa = PBXGroup;
			children = (
				8A88916B2254A6B300DD6539 /* CustomChannel.swift */,
			);
			path = "Customization Examples";
			sourceTree = "<group>";
		};
		8A88916D2254F58500DD6539 /* View */ = {
			isa = PBXGroup;
			children = (
				8A057D5522B5A2440048C9DD /* Presenter.swift */,
				8A1A940A225C8F6000060ACC /* Style */,
				8A8BC067228AE0B800687186 /* Channels */,
				8A210D7E2264C3C700D51FFC /* Chat */,
				8A210D7B2264A1FC00D51FFC /* Image Gallery */,
				8AB1B8F0226772AC002C65BD /* Web View */,
				8A1A9415225E2EB200060ACC /* DataDetectorWorker.swift */,
				8AD21B9D229C2014009D6086 /* Notifications.swift */,
			);
			path = View;
			sourceTree = "<group>";
		};
		8A88917C22560E8E00DD6539 /* UIKit */ = {
			isa = PBXGroup;
			children = (
				8AB8FA732279F3F400C14D94 /* UIApplication+AppState.swift */,
				8A0E345122980933008D825E /* TableView.swift */,
				8AB8FA77227B194C00C14D94 /* DismissSegue.swift */,
				8A88917A22550ECC00DD6539 /* CGFloat+Extensions.swift */,
				8A1A9401225A436800060ACC /* CGRect+Extensions.swift */,
				8A1A9405225B4E6900060ACC /* Reusable */,
				8A4FE7BD227CE67000E47D4C /* UIImage */,
				8ABE5FD822A67C2D004F128C /* UIViewController */,
				8A88917622550E0C00DD6539 /* UIColor+Extensions.swift */,
				8A88917822550E8D00DD6539 /* UIFont+Extensions.swift */,
				8ABC551F227730C9008F312B /* UIView+Extensions.swift */,
				8ABF82692273064600A966D9 /* UITableView+Extensions.swift */,
				8A8891722255000A00DD6539 /* UITableViewCell+Extensions.swift */,
				8A1A93FF225A0D7800060ACC /* UIEdgeInsets+Extensions.swift */,
				8A40803A2280413D00F274FF /* IndexPath+Extensions.swift */,
				8A4080422281BDCA00F274FF /* UIStackView+Extensions.swift */,
				8AD21B9F229D4813009D6086 /* UILabel+Extensions.swift */,
				8ABD997322BA2F1F00929D99 /* UIDevice+Extensions.swift */,
				8AFA806D22BA7AE40036F450 /* UIImagePickerController+Extensions.swift */,
			);
			path = UIKit;
			sourceTree = "<group>";
		};
		8A8BC067228AE0B800687186 /* Channels */ = {
			isa = PBXGroup;
			children = (
				8A8BC068228AE0D600687186 /* ChannelsViewController.swift */,
				8A8BC06A228AE1B900687186 /* ChannelsPresenter.swift */,
				8A8BC06C228AE22900687186 /* ChannelTableViewCell.swift */,
			);
			path = Channels;
			sourceTree = "<group>";
		};
		8A9FA7C822A51C70004A5678 /* Upload */ = {
			isa = PBXGroup;
			children = (
				8A79480D22A0329700653CA6 /* ClientURLSessionTaskDelegate.swift */,
				8A9FA7C922A51C83004A5678 /* MultipartFormData.swift */,
			);
			path = Upload;
			sourceTree = "<group>";
		};
		8AABC28D225F42BB0064CB20 /* Rx */ = {
			isa = PBXGroup;
			children = (
				8ABF82632270668700A966D9 /* unwrap.swift */,
				8A8BC074228C15C500687186 /* RxGesture+Extensions.swift */,
				8ABE5FDB22A67F3C004F128C /* RxDocumentPickerViewController.swift */,
			);
			path = Rx;
			sourceTree = "<group>";
		};
		8AABC29422608FCA0064CB20 /* Attachments */ = {
			isa = PBXGroup;
			children = (
				8AABC29522608FE10064CB20 /* AttachmentPreviewProtocol.swift */,
				8A1A940D225CC88200060ACC /* AttachmentPreview.swift */,
				8AABC29222608FB90064CB20 /* AttachmentFilePreview.swift */,
			);
			path = Attachments;
			sourceTree = "<group>";
		};
		8AB1B8F0226772AC002C65BD /* Web View */ = {
			isa = PBXGroup;
			children = (
				8AB1B8F1226772C1002C65BD /* WebViewController.swift */,
			);
			path = "Web View";
			sourceTree = "<group>";
		};
		8ABE5FD822A67C2D004F128C /* UIViewController */ = {
			isa = PBXGroup;
			children = (
				8AB8FA75227AFD8F00C14D94 /* UIViewController+Extensions.swift */,
				8A9FA7CB22A52E9C004A5678 /* UIViewController+ImagePicker.swift */,
				8ABE5FD922A67C92004F128C /* UIViewController+DocumentPicker.swift */,
			);
			path = UIViewController;
			sourceTree = "<group>";
		};
		8ABE5FDD22A68133004F128C /* String */ = {
			isa = PBXGroup;
			children = (
				8AB1B8F322677EEA002C65BD /* String+Extensions.swift */,
				8ABE5FDE22A6814F004F128C /* String+FileType.swift */,
			);
			path = String;
			sourceTree = "<group>";
		};
		8AFC2A2C2268B124006278D4 /* WebSocket */ = {
			isa = PBXGroup;
			children = (
				8AFC2A282268933A006278D4 /* WebSocket.swift */,
				8ABF825F226F4A4600A966D9 /* WebSocket+Response.swift */,
				8A2B60DF2278813E00419C8E /* WebSocket+Reconnect.swift */,
				8AFC2A2A226893FF006278D4 /* RepeatingTimer.swift */,
			);
			path = WebSocket;
			sourceTree = "<group>";
		};
		E4BFB61CCC31ACB2AD7AAA5D /* Pods */ = {
			isa = PBXGroup;
			children = (
				6096B0855B2D558344DC1272 /* Pods-GetStreamChat.debug.xcconfig */,
				E7A44397211C3D782D15E11D /* Pods-GetStreamChat.release.xcconfig */,
			);
			path = Pods;
			sourceTree = "<group>";
		};
		EE25B53FE74811FD1ADEC76E /* Frameworks */ = {
			isa = PBXGroup;
			children = (
				020F21522E6ADD92E3B5416C /* Pods_GetStreamChat.framework */,
			);
			name = Frameworks;
			sourceTree = "<group>";
		};
/* End PBXGroup section */

/* Begin PBXNativeTarget section */
		8A046756224E7F1800493D74 /* GetStreamChat */ = {
			isa = PBXNativeTarget;
			buildConfigurationList = 8A046769224E7F1800493D74 /* Build configuration list for PBXNativeTarget "GetStreamChat" */;
			buildPhases = (
				1FAC1CDA1CC7B538C1A1B595 /* [CP] Check Pods Manifest.lock */,
				8A046753224E7F1800493D74 /* Sources */,
				8A046754224E7F1800493D74 /* Frameworks */,
				8A046755224E7F1800493D74 /* Resources */,
				35983962DDD1244AA2790F72 /* [CP] Embed Pods Frameworks */,
				8AD21BA3229D8EB6009D6086 /* Fabric */,
			);
			buildRules = (
			);
			dependencies = (
			);
			name = GetStreamChat;
			productName = GetStreamChat;
			productReference = 8A046757224E7F1800493D74 /* GetStreamChat.app */;
			productType = "com.apple.product-type.application";
		};
/* End PBXNativeTarget section */

/* Begin PBXProject section */
		8A04674F224E7F1700493D74 /* Project object */ = {
			isa = PBXProject;
			attributes = {
				LastSwiftUpdateCheck = 1020;
				LastUpgradeCheck = 1020;
				ORGANIZATIONNAME = "Stream.io Inc";
				TargetAttributes = {
					8A046756224E7F1800493D74 = {
						CreatedOnToolsVersion = 10.2;
						SystemCapabilities = {
							com.apple.BackgroundModes = {
								enabled = 1;
							};
							com.apple.iCloud = {
								enabled = 1;
							};
						};
					};
				};
			};
			buildConfigurationList = 8A046752224E7F1700493D74 /* Build configuration list for PBXProject "GetStreamChat" */;
			compatibilityVersion = "Xcode 9.3";
			developmentRegion = en;
			hasScannedForEncodings = 0;
			knownRegions = (
				en,
				Base,
			);
			mainGroup = 8A04674E224E7F1700493D74;
			productRefGroup = 8A046758224E7F1800493D74 /* Products */;
			projectDirPath = "";
			projectRoot = "";
			targets = (
				8A046756224E7F1800493D74 /* GetStreamChat */,
			);
		};
/* End PBXProject section */

/* Begin PBXResourcesBuildPhase section */
		8A046755224E7F1800493D74 /* Resources */ = {
			isa = PBXResourcesBuildPhase;
			buildActionMask = 2147483647;
			files = (
				8A046765224E7F1800493D74 /* LaunchScreen.storyboard in Resources */,
				8A88914622521A0F00DD6539 /* GetStreamChat.xcassets in Resources */,
				8A2AD509229309FF009E5800 /* GetStreamChat.podspec in Resources */,
				8A046762224E7F1800493D74 /* Assets.xcassets in Resources */,
				8A046760224E7F1800493D74 /* Main.storyboard in Resources */,
			);
			runOnlyForDeploymentPostprocessing = 0;
		};
/* End PBXResourcesBuildPhase section */

/* Begin PBXShellScriptBuildPhase section */
		1FAC1CDA1CC7B538C1A1B595 /* [CP] Check Pods Manifest.lock */ = {
			isa = PBXShellScriptBuildPhase;
			buildActionMask = 2147483647;
			files = (
			);
			inputFileListPaths = (
			);
			inputPaths = (
				"${PODS_PODFILE_DIR_PATH}/Podfile.lock",
				"${PODS_ROOT}/Manifest.lock",
			);
			name = "[CP] Check Pods Manifest.lock";
			outputFileListPaths = (
			);
			outputPaths = (
				"$(DERIVED_FILE_DIR)/Pods-GetStreamChat-checkManifestLockResult.txt",
			);
			runOnlyForDeploymentPostprocessing = 0;
			shellPath = /bin/sh;
			shellScript = "diff \"${PODS_PODFILE_DIR_PATH}/Podfile.lock\" \"${PODS_ROOT}/Manifest.lock\" > /dev/null\nif [ $? != 0 ] ; then\n    # print error to STDERR\n    echo \"error: The sandbox is not in sync with the Podfile.lock. Run 'pod install' or update your CocoaPods installation.\" >&2\n    exit 1\nfi\n# This output is used by Xcode 'outputs' to avoid re-running this script phase.\necho \"SUCCESS\" > \"${SCRIPT_OUTPUT_FILE_0}\"\n";
			showEnvVarsInLog = 0;
		};
		35983962DDD1244AA2790F72 /* [CP] Embed Pods Frameworks */ = {
			isa = PBXShellScriptBuildPhase;
			buildActionMask = 2147483647;
			files = (
			);
			inputFileListPaths = (
				"${PODS_ROOT}/Target Support Files/Pods-GetStreamChat/Pods-GetStreamChat-frameworks-${CONFIGURATION}-input-files.xcfilelist",
			);
			name = "[CP] Embed Pods Frameworks";
			outputFileListPaths = (
				"${PODS_ROOT}/Target Support Files/Pods-GetStreamChat/Pods-GetStreamChat-frameworks-${CONFIGURATION}-output-files.xcfilelist",
			);
			runOnlyForDeploymentPostprocessing = 0;
			shellPath = /bin/sh;
			shellScript = "\"${PODS_ROOT}/Target Support Files/Pods-GetStreamChat/Pods-GetStreamChat-frameworks.sh\"\n";
			showEnvVarsInLog = 0;
		};
		8AD21BA3229D8EB6009D6086 /* Fabric */ = {
			isa = PBXShellScriptBuildPhase;
			buildActionMask = 2147483647;
			files = (
			);
			inputFileListPaths = (
			);
			inputPaths = (
			);
			name = Fabric;
			outputFileListPaths = (
			);
			outputPaths = (
			);
			runOnlyForDeploymentPostprocessing = 0;
			shellPath = /bin/sh;
			shellScript = "\"${PODS_ROOT}/Fabric/run\" 2ae916eaa00e73d398864ff4e5f3e331e8d31d12 c95d35d5b41b05cb53c85b2a94cccb64d1cc6dda73ab19a0f53c3bcff6f67a8d\n";
		};
/* End PBXShellScriptBuildPhase section */

/* Begin PBXSourcesBuildPhase section */
		8A046753224E7F1800493D74 /* Sources */ = {
			isa = PBXSourcesBuildPhase;
			buildActionMask = 2147483647;
			files = (
				8A79480E22A0329700653CA6 /* ClientURLSessionTaskDelegate.swift in Sources */,
				8A88917B22550ECC00DD6539 /* CGFloat+Extensions.swift in Sources */,
				8A2B60E02278813E00419C8E /* WebSocket+Reconnect.swift in Sources */,
				8ABC5523227799F6008F312B /* ChatFooterView.swift in Sources */,
				8A8891682253D3A500DD6539 /* ClientLogger.swift in Sources */,
				8AFC2A30226B5C87006278D4 /* Client+WebSocket.swift in Sources */,
				8A4FE7C3227DBB7600E47D4C /* ChatViewController+Cells.swift in Sources */,
				8AABC29E22627AA20064CB20 /* Dictionary+Extensions.swift in Sources */,
				8ABE5FE922A7B665004F128C /* URL+Media.swift in Sources */,
				8A88916022538CCE00DD6539 /* Data+Extensions.swift in Sources */,
				8A210D7D2264A22E00D51FFC /* MediaGalleryViewController.swift in Sources */,
				8ACAB169228F645B00674F2D /* ChannelsResponse.swift in Sources */,
				8AABC2982260D9450064CB20 /* StatusTableViewCell.swift in Sources */,
				8AFC2A2722688299006278D4 /* Member.swift in Sources */,
				8A40804122818C7A00F274FF /* Int+Extensions.swift in Sources */,
				8A5D1FEB2288365B007AB76C /* ComposerHelperContainerView.swift in Sources */,
				8A40803D22805ABA00F274FF /* ChatViewController+Reactions.swift in Sources */,
				8AFC2A292268933A006278D4 /* WebSocket.swift in Sources */,
				8A4080432281BDCA00F274FF /* UIStackView+Extensions.swift in Sources */,
				8ABE5FDA22A67C92004F128C /* UIViewController+DocumentPicker.swift in Sources */,
				8ABE5FDF22A6814F004F128C /* String+FileType.swift in Sources */,
				8A889153225240F700DD6539 /* Event.swift in Sources */,
				8A1A9416225E2EB200060ACC /* DataDetectorWorker.swift in Sources */,
				8AFC2A2E226B5B37006278D4 /* Client+Request.swift in Sources */,
				8A8BC075228C15C500687186 /* RxGesture+Extensions.swift in Sources */,
				8AD21B99229BEB8D009D6086 /* Utils.swift in Sources */,
				8AB8FA78227B194C00C14D94 /* DismissSegue.swift in Sources */,
				8A88915A2252830C00DD6539 /* UIImage+Extensions.swift in Sources */,
				8ABD997022B8DBCF00929D99 /* MessageTableViewCell+EnrichMessage.swift in Sources */,
				8ABF826A2273064600A966D9 /* UITableView+Extensions.swift in Sources */,
				8A88916F2254F59B00DD6539 /* ChannelPresenter.swift in Sources */,
				8AB1B8EF22675CCD002C65BD /* Result+Extensions.swift in Sources */,
				8AD04516229EA06C00CD6B77 /* ComposerAddFileView.swift in Sources */,
				8ACAB167228ED6C900674F2D /* ChannelsQuery.swift in Sources */,
				8A8891502252379700DD6539 /* Channel.swift in Sources */,
				8A1A9400225A0D7800060ACC /* UIEdgeInsets+Extensions.swift in Sources */,
				8A1A940E225CC88200060ACC /* AttachmentPreview.swift in Sources */,
				8ABC5520227730C9008F312B /* UIView+Extensions.swift in Sources */,
				8A0755E8228DB04500A3E4AB /* MessageRead.swift in Sources */,
				8ABF82662270A72900A966D9 /* Client+RxRequest.swift in Sources */,
				8AEC7D9E22A145B9000B5B97 /* Uploader.swift in Sources */,
				8ABE5FDC22A67F3C004F128C /* RxDocumentPickerViewController.swift in Sources */,
				8A1A941A225E321100060ACC /* UICollectionView+Reusable.swift in Sources */,
				8A88915C2252997200DD6539 /* ChatEndpoint.swift in Sources */,
				8AB8FA742279F3F400C14D94 /* UIApplication+AppState.swift in Sources */,
				8A88914822521E4800DD6539 /* ClientError.swift in Sources */,
				8A9FA7CC22A52E9C004A5678 /* UIViewController+ImagePicker.swift in Sources */,
				8AD21B9E229C2014009D6086 /* Notifications.swift in Sources */,
				8A4FE7B9227C41EA00E47D4C /* MessageTableViewCell+Attachments.swift in Sources */,
				8A88917922550E8D00DD6539 /* UIFont+Extensions.swift in Sources */,
				8A057D5622B5A2440048C9DD /* Presenter.swift in Sources */,
				8A8891642253A86600DD6539 /* Codable+Extensions.swift in Sources */,
				8ABF8262226F643E00A966D9 /* Reaction.swift in Sources */,
				8A88916C2254A6B300DD6539 /* CustomChannel.swift in Sources */,
				8A40803B2280413E00F274FF /* IndexPath+Extensions.swift in Sources */,
				8A8BC06D228AE22900687186 /* ChannelTableViewCell.swift in Sources */,
				8A4FE7BF227CE69000E47D4C /* UIImage+Render.swift in Sources */,
				8A88914C2252337500DD6539 /* User.swift in Sources */,
				8ABF82642270668700A966D9 /* unwrap.swift in Sources */,
				8ABE5FE122A69FB3004F128C /* ComposerView+Images.swift in Sources */,
				8A3E461A22AAB71500DF464B /* Channel+Create.swift in Sources */,
				8ABE5FE522A6A173004F128C /* ComposerView+Files.swift in Sources */,
				8A8BC069228AE0D600687186 /* ChannelsViewController.swift in Sources */,
				8AFA807022BA7CDD0036F450 /* Bundle+Extensions.swift in Sources */,
				8A8891572252827E00DD6539 /* UIImage+Icons.swift in Sources */,
				8A8891622253A73000DD6539 /* ChannelQuery.swift in Sources */,
				8ABD997422BA2F1F00929D99 /* UIDevice+Extensions.swift in Sources */,
				8A889180225755D500DD6539 /* ChatViewStyle.swift in Sources */,
				8A88917522550B2800DD6539 /* MessageTableViewCell.swift in Sources */,
				8AFA806E22BA7AE40036F450 /* UIImagePickerController+Extensions.swift in Sources */,
				8A2CC9582284AD77004CF12D /* ChatViewController+MessageActions.swift in Sources */,
				8A0E345222980933008D825E /* TableView.swift in Sources */,
				8AABC29622608FE10064CB20 /* AttachmentPreviewProtocol.swift in Sources */,
				8A2CC95622842AED004CF12D /* ChatViewController+Attachments.swift in Sources */,
				8A0755EA228DB5C500A3E4AB /* ViewChanges.swift in Sources */,
				8AABC29A2262426A0064CB20 /* ChatItem.swift in Sources */,
				8A88914A2252309900DD6539 /* BaseURL.swift in Sources */,
				8AFC2A2B226893FF006278D4 /* RepeatingTimer.swift in Sources */,
				8A88917E22560EC100DD6539 /* Date+Extensions.swift in Sources */,
				8A04675B224E7F1800493D74 /* AppDelegate.swift in Sources */,
				8A889144225219E500DD6539 /* Client.swift in Sources */,
				8AABC29C22627A1D0064CB20 /* Pagination.swift in Sources */,
				8ABD997222B8E01B00929D99 /* CharacterSet+Extensions.swift in Sources */,
				8A8891712254F73B00DD6539 /* ChatViewController.swift in Sources */,
				8A1A9407225B4E7F00060ACC /* Reusable.swift in Sources */,
				8A8BC073228C152600687186 /* TimeInterval+Extensions.swift in Sources */,
				8A1A9414225E01F100060ACC /* ComposerViewStyle.swift in Sources */,
				8ABE5FE722A6A98E004F128C /* ComposerFileView.swift in Sources */,
				8A88917722550E0C00DD6539 /* UIColor+Extensions.swift in Sources */,
				8A1A9402225A436800060ACC /* CGRect+Extensions.swift in Sources */,
				8ABF8260226F4A4600A966D9 /* WebSocket+Response.swift in Sources */,
				8ABC551C2276FB9D008F312B /* AvatarView.swift in Sources */,
				8AB8FA76227AFD8F00C14D94 /* UIViewController+Extensions.swift in Sources */,
				8A1A9412225DFDA100060ACC /* ComposerView.swift in Sources */,
				8AB1B8F422677EEA002C65BD /* String+Extensions.swift in Sources */,
				8A1A9409225B4EC900060ACC /* UITableView+Reusable.swift in Sources */,
				8A4FE7BC227C485B00E47D4C /* MessageTableViewCell+Updates.swift in Sources */,
				8A8BC06B228AE1B900687186 /* ChannelsPresenter.swift in Sources */,
				8AABC29322608FB90064CB20 /* AttachmentFilePreview.swift in Sources */,
				8A5D1FED22899421007AB76C /* ChatViewController+Composer.swift in Sources */,
				8A8BC06F228AE39D00687186 /* ChannelViewStyle.swift in Sources */,
				8A9955C52289C369005D8148 /* MessageAction.swift in Sources */,
				8A8891732255000A00DD6539 /* UITableViewCell+Extensions.swift in Sources */,
				8A88915E22535FEC00DD6539 /* Message.swift in Sources */,
				8A1A9404225B4C7100060ACC /* MessageViewStyle.swift in Sources */,
				8AD21BA0229D4813009D6086 /* UILabel+Extensions.swift in Sources */,
				8A3E461822A9639D00DF464B /* ExtraData.swift in Sources */,
				8A1A9418225E2FE000060ACC /* AttachmentCollectionViewCell.swift in Sources */,
				8A40803F2280708900F274FF /* ReactionsView.swift in Sources */,
				8AB1B8F2226772C1002C65BD /* WebViewController.swift in Sources */,
				8ABE5FE322A6A066004F128C /* ComposerView+TextView.swift in Sources */,
				8AABC291226086ED0064CB20 /* Attachment.swift in Sources */,
				8A9FA7CA22A51C83004A5678 /* MultipartFormData.swift in Sources */,
				8A9955C322899CD0005D8148 /* ComposerCommandView.swift in Sources */,
				8A4FE7C5227DBC3A00E47D4C /* ChatViewController+TableFooterView.swift in Sources */,
				8A1A9410225CD17300060ACC /* ReactionViewStyle.swift in Sources */,
			);
			runOnlyForDeploymentPostprocessing = 0;
		};
/* End PBXSourcesBuildPhase section */

/* Begin PBXVariantGroup section */
		8A04675E224E7F1800493D74 /* Main.storyboard */ = {
			isa = PBXVariantGroup;
			children = (
				8A04675F224E7F1800493D74 /* Base */,
			);
			name = Main.storyboard;
			sourceTree = "<group>";
		};
		8A046763224E7F1800493D74 /* LaunchScreen.storyboard */ = {
			isa = PBXVariantGroup;
			children = (
				8A046764224E7F1800493D74 /* Base */,
			);
			name = LaunchScreen.storyboard;
			sourceTree = "<group>";
		};
/* End PBXVariantGroup section */

/* Begin XCBuildConfiguration section */
		8A046767224E7F1800493D74 /* Debug */ = {
			isa = XCBuildConfiguration;
			buildSettings = {
				ALWAYS_SEARCH_USER_PATHS = NO;
				CLANG_ANALYZER_NONNULL = YES;
				CLANG_ANALYZER_NUMBER_OBJECT_CONVERSION = YES_AGGRESSIVE;
				CLANG_CXX_LANGUAGE_STANDARD = "gnu++14";
				CLANG_CXX_LIBRARY = "libc++";
				CLANG_ENABLE_MODULES = YES;
				CLANG_ENABLE_OBJC_ARC = YES;
				CLANG_ENABLE_OBJC_WEAK = YES;
				CLANG_WARN_BLOCK_CAPTURE_AUTORELEASING = YES;
				CLANG_WARN_BOOL_CONVERSION = YES;
				CLANG_WARN_COMMA = YES;
				CLANG_WARN_CONSTANT_CONVERSION = YES;
				CLANG_WARN_DEPRECATED_OBJC_IMPLEMENTATIONS = YES;
				CLANG_WARN_DIRECT_OBJC_ISA_USAGE = YES_ERROR;
				CLANG_WARN_DOCUMENTATION_COMMENTS = YES;
				CLANG_WARN_EMPTY_BODY = YES;
				CLANG_WARN_ENUM_CONVERSION = YES;
				CLANG_WARN_INFINITE_RECURSION = YES;
				CLANG_WARN_INT_CONVERSION = YES;
				CLANG_WARN_NON_LITERAL_NULL_CONVERSION = YES;
				CLANG_WARN_OBJC_IMPLICIT_RETAIN_SELF = YES;
				CLANG_WARN_OBJC_LITERAL_CONVERSION = YES;
				CLANG_WARN_OBJC_ROOT_CLASS = YES_ERROR;
				CLANG_WARN_RANGE_LOOP_ANALYSIS = YES;
				CLANG_WARN_STRICT_PROTOTYPES = YES;
				CLANG_WARN_SUSPICIOUS_MOVE = YES;
				CLANG_WARN_UNGUARDED_AVAILABILITY = YES_AGGRESSIVE;
				CLANG_WARN_UNREACHABLE_CODE = YES;
				CLANG_WARN__DUPLICATE_METHOD_MATCH = YES;
				CODE_SIGN_IDENTITY = "iPhone Developer";
				COPY_PHASE_STRIP = NO;
				DEBUG_INFORMATION_FORMAT = dwarf;
				ENABLE_STRICT_OBJC_MSGSEND = YES;
				ENABLE_TESTABILITY = YES;
				GCC_C_LANGUAGE_STANDARD = gnu11;
				GCC_DYNAMIC_NO_PIC = NO;
				GCC_NO_COMMON_BLOCKS = YES;
				GCC_OPTIMIZATION_LEVEL = 0;
				GCC_PREPROCESSOR_DEFINITIONS = (
					"DEBUG=1",
					"$(inherited)",
				);
				GCC_WARN_64_TO_32_BIT_CONVERSION = YES;
				GCC_WARN_ABOUT_RETURN_TYPE = YES_ERROR;
				GCC_WARN_UNDECLARED_SELECTOR = YES;
				GCC_WARN_UNINITIALIZED_AUTOS = YES_AGGRESSIVE;
				GCC_WARN_UNUSED_FUNCTION = YES;
				GCC_WARN_UNUSED_VARIABLE = YES;
				IPHONEOS_DEPLOYMENT_TARGET = 12.2;
				MTL_ENABLE_DEBUG_INFO = INCLUDE_SOURCE;
				MTL_FAST_MATH = YES;
				ONLY_ACTIVE_ARCH = YES;
				SDKROOT = iphoneos;
				SWIFT_ACTIVE_COMPILATION_CONDITIONS = DEBUG;
				SWIFT_OPTIMIZATION_LEVEL = "-Onone";
			};
			name = Debug;
		};
		8A046768224E7F1800493D74 /* Release */ = {
			isa = XCBuildConfiguration;
			buildSettings = {
				ALWAYS_SEARCH_USER_PATHS = NO;
				CLANG_ANALYZER_NONNULL = YES;
				CLANG_ANALYZER_NUMBER_OBJECT_CONVERSION = YES_AGGRESSIVE;
				CLANG_CXX_LANGUAGE_STANDARD = "gnu++14";
				CLANG_CXX_LIBRARY = "libc++";
				CLANG_ENABLE_MODULES = YES;
				CLANG_ENABLE_OBJC_ARC = YES;
				CLANG_ENABLE_OBJC_WEAK = YES;
				CLANG_WARN_BLOCK_CAPTURE_AUTORELEASING = YES;
				CLANG_WARN_BOOL_CONVERSION = YES;
				CLANG_WARN_COMMA = YES;
				CLANG_WARN_CONSTANT_CONVERSION = YES;
				CLANG_WARN_DEPRECATED_OBJC_IMPLEMENTATIONS = YES;
				CLANG_WARN_DIRECT_OBJC_ISA_USAGE = YES_ERROR;
				CLANG_WARN_DOCUMENTATION_COMMENTS = YES;
				CLANG_WARN_EMPTY_BODY = YES;
				CLANG_WARN_ENUM_CONVERSION = YES;
				CLANG_WARN_INFINITE_RECURSION = YES;
				CLANG_WARN_INT_CONVERSION = YES;
				CLANG_WARN_NON_LITERAL_NULL_CONVERSION = YES;
				CLANG_WARN_OBJC_IMPLICIT_RETAIN_SELF = YES;
				CLANG_WARN_OBJC_LITERAL_CONVERSION = YES;
				CLANG_WARN_OBJC_ROOT_CLASS = YES_ERROR;
				CLANG_WARN_RANGE_LOOP_ANALYSIS = YES;
				CLANG_WARN_STRICT_PROTOTYPES = YES;
				CLANG_WARN_SUSPICIOUS_MOVE = YES;
				CLANG_WARN_UNGUARDED_AVAILABILITY = YES_AGGRESSIVE;
				CLANG_WARN_UNREACHABLE_CODE = YES;
				CLANG_WARN__DUPLICATE_METHOD_MATCH = YES;
				CODE_SIGN_IDENTITY = "iPhone Developer";
				COPY_PHASE_STRIP = NO;
				DEBUG_INFORMATION_FORMAT = "dwarf-with-dsym";
				ENABLE_NS_ASSERTIONS = NO;
				ENABLE_STRICT_OBJC_MSGSEND = YES;
				GCC_C_LANGUAGE_STANDARD = gnu11;
				GCC_NO_COMMON_BLOCKS = YES;
				GCC_WARN_64_TO_32_BIT_CONVERSION = YES;
				GCC_WARN_ABOUT_RETURN_TYPE = YES_ERROR;
				GCC_WARN_UNDECLARED_SELECTOR = YES;
				GCC_WARN_UNINITIALIZED_AUTOS = YES_AGGRESSIVE;
				GCC_WARN_UNUSED_FUNCTION = YES;
				GCC_WARN_UNUSED_VARIABLE = YES;
				IPHONEOS_DEPLOYMENT_TARGET = 12.2;
				MTL_ENABLE_DEBUG_INFO = NO;
				MTL_FAST_MATH = YES;
				SDKROOT = iphoneos;
				SWIFT_COMPILATION_MODE = wholemodule;
				SWIFT_OPTIMIZATION_LEVEL = "-O";
				VALIDATE_PRODUCT = YES;
			};
			name = Release;
		};
		8A04676A224E7F1800493D74 /* Debug */ = {
			isa = XCBuildConfiguration;
			baseConfigurationReference = 6096B0855B2D558344DC1272 /* Pods-GetStreamChat.debug.xcconfig */;
			buildSettings = {
				ASSETCATALOG_COMPILER_APPICON_NAME = AppIcon;
				CODE_SIGN_ENTITLEMENTS = GetStreamChat/GetStreamChat.entitlements;
				CODE_SIGN_STYLE = Automatic;
				DEVELOPMENT_TEAM = EHV7XZLAHA;
				INFOPLIST_FILE = GetStreamChat/Info.plist;
				IPHONEOS_DEPLOYMENT_TARGET = 11.0;
				LD_RUNPATH_SEARCH_PATHS = (
					"$(inherited)",
					"@executable_path/Frameworks",
				);
				PRODUCT_BUNDLE_IDENTIFIER = io.getstream.GetStreamChat;
				PRODUCT_NAME = "$(TARGET_NAME)";
				SWIFT_VERSION = 5.0;
				TARGETED_DEVICE_FAMILY = 1;
			};
			name = Debug;
		};
		8A04676B224E7F1800493D74 /* Release */ = {
			isa = XCBuildConfiguration;
			baseConfigurationReference = E7A44397211C3D782D15E11D /* Pods-GetStreamChat.release.xcconfig */;
			buildSettings = {
				ASSETCATALOG_COMPILER_APPICON_NAME = AppIcon;
				CODE_SIGN_ENTITLEMENTS = GetStreamChat/GetStreamChat.entitlements;
				CODE_SIGN_STYLE = Automatic;
				DEVELOPMENT_TEAM = EHV7XZLAHA;
				INFOPLIST_FILE = GetStreamChat/Info.plist;
				IPHONEOS_DEPLOYMENT_TARGET = 11.0;
				LD_RUNPATH_SEARCH_PATHS = (
					"$(inherited)",
					"@executable_path/Frameworks",
				);
				PRODUCT_BUNDLE_IDENTIFIER = io.getstream.GetStreamChat;
				PRODUCT_NAME = "$(TARGET_NAME)";
				SWIFT_VERSION = 5.0;
				TARGETED_DEVICE_FAMILY = 1;
			};
			name = Release;
		};
/* End XCBuildConfiguration section */

/* Begin XCConfigurationList section */
		8A046752224E7F1700493D74 /* Build configuration list for PBXProject "GetStreamChat" */ = {
			isa = XCConfigurationList;
			buildConfigurations = (
				8A046767224E7F1800493D74 /* Debug */,
				8A046768224E7F1800493D74 /* Release */,
			);
			defaultConfigurationIsVisible = 0;
			defaultConfigurationName = Release;
		};
		8A046769224E7F1800493D74 /* Build configuration list for PBXNativeTarget "GetStreamChat" */ = {
			isa = XCConfigurationList;
			buildConfigurations = (
				8A04676A224E7F1800493D74 /* Debug */,
				8A04676B224E7F1800493D74 /* Release */,
			);
			defaultConfigurationIsVisible = 0;
			defaultConfigurationName = Release;
		};
/* End XCConfigurationList section */
	};
	rootObject = 8A04674F224E7F1700493D74 /* Project object */;
}
