{
  "originHash" : "98c0dab12e4e5f1ed38c5d4211def18d7345427ac9d3bf0da3efbd031530a056",
  "pins" : [
    {
      "identity" : "stream-core-swift",
      "kind" : "remoteSourceControl",
      "location" : "https://github.com/GetStream/stream-core-swift",
      "state" : {
        "revision" : "64c7c5f6beec70dd155e391143ac2f5c84b05e25",
        "version" : "0.5.0"
      }
    },
    {
      "identity" : "swift-docc-plugin",
      "kind" : "remoteSourceControl",
      "location" : "https://github.com/apple/swift-docc-plugin",
      "state" : {
        "revision" : "3303b164430d9a7055ba484c8ead67a52f7b74f6",
        "version" : "1.0.0"
      }
    }
  ],
  "version" : 3
}
