{
  "object": {
    "pins": [
      {
        "package": "EFQRCode",
        "repositoryURL": "https://github.com/EFPrefix/EFQRCode.git",
        "state": {
          "branch": null,
          "revision": "56278ea800d7fdc20f42cd77bdbf0fecc8c1c0c8",
          "version": "6.2.0"
        }
      },
      {
        "package": "Nuke",
        "repositoryURL": "https://github.com/kean/Nuke",
        "state": {
          "branch": null,
          "revision": "c0b32b0d7154afceb3fc08b199492f125ff4267e",
          "version": "10.3.3"
        }
      },
      {
        "package": "Starscream",
        "repositoryURL": "https://github.com/daltoniam/Starscream.git",
        "state": {
          "branch": null,
          "revision": "df8d82047f6654d8e4b655d1b1525c64e1059d21",
          "version": "4.0.4"
        }
      },
      {
        "package": "SnapshotTesting",
        "repositoryURL": "https://github.com/pointfreeco/swift-snapshot-testing.git",
        "state": {
          "branch": null,
          "revision": "f8a9c997c3c1dab4e216a8ec9014e23144cbab37",
          "version": "1.9.0"
        }
      },
      {
        "package": "swift_qrcodejs",
        "repositoryURL": "https://github.com/ApolloZhu/swift_qrcodejs.git",
        "state": {
          "branch": null,
          "revision": "374dc7f7b9e76c6aeb393f6a84590c6d387e1ecb",
          "version": "2.2.2"
        }
      },
      {
        "package": "SwiftyGif",
        "repositoryURL": "https://github.com/kirualex/SwiftyGif.git",
        "state": {
          "branch": null,
          "revision": "db0c122b671bc9760385e0355be00eede3b7bb44",
          "version": "5.4.3"
        }
      }
    ]
  },
  "version": 1
}
