{
  "object": {
    "pins": [
      {
        "package": "Nuke",
        "repositoryURL": "https://github.com/kean/Nuke",
        "state": {
          "branch": null,
          "revision": "c0b32b0d7154afceb3fc08b199492f125ff4267e",
          "version": "10.3.3"
        }
      },
      {
        "package": "Starscream",
        "repositoryURL": "https://github.com/daltoniam/Starscream.git",
        "state": {
          "branch": null,
          "revision": "df8d82047f6654d8e4b655d1b1525c64e1059d21",
          "version": "4.0.4"
        }
      },
      {
        "package": "SnapshotTesting",
        "repositoryURL": "https://github.com/pointfreeco/swift-snapshot-testing.git",
        "state": {
          "branch": null,
          "revision": "f8a9c997c3c1dab4e216a8ec9014e23144cbab37",
          "version": "1.9.0"
        }
      },
      {
        "package": "SwiftyGif",
        "repositoryURL": "https://github.com/kirualex/SwiftyGif.git",
        "state": {
          "branch": null,
          "revision": "0cd770feed5807d9fd4fa8df5ad74b56b814b0c8",
          "version": "5.4.0"
        }
      }
    ]
  },
  "version": 1
}
