PODS:
  - GzipSwift (5.0.0)
  - Nuke (8.2.0)
  - ReachabilitySwift (4.3.1)
  - RxAppState (1.6.0):
    - RxCocoa (~> 5.0)
    - RxSwift (~> 5.0)
  - RxCocoa (5.0.1):
    - RxRelay (~> 5)
    - RxSwift (~> 5)
  - RxGesture (3.0.1):
    - RxCocoa (~> 5.0)
    - RxSwift (~> 5.0)
  - RxRelay (5.0.1):
    - RxSwift (~> 5)
  - RxSwift (5.0.1)
  - SnapKit (5.0.1)
  - Starscream (3.1.1)
  - StreamChat (1.5.4):
    - Nuke (~> 8.2.0)
    - RxGesture (~> 3.0.0)
    - SnapKit (~> 5.0.0)
    - StreamChatCore
    - SwiftyGif (~> 5.1.0)
  - StreamChatCore (1.5.4):
    - GzipSwift (~> 5.0.0)
    - ReachabilitySwift (~> 4.3.0)
    - RxAppState (~> 1.6.0)
    - RxSwift (~> 5.0.0)
    - Starscream (~> 3.1.0)
  - SwiftyGif (5.1.1)

DEPENDENCIES:
  - StreamChat (from `../..`)
  - StreamChatCore (from `../..`)

SPEC REPOS:
  trunk:
    - GzipSwift
    - Nuke
    - ReachabilitySwift
    - RxAppState
    - RxCocoa
    - RxGesture
    - RxRelay
    - RxSwift
    - SnapKit
    - Starscream
    - SwiftyGif

EXTERNAL SOURCES:
  StreamChat:
    :path: "../.."
  StreamChatCore:
    :path: "../.."

SPEC CHECKSUMS:
  GzipSwift: 5592f4d62b641e04d06443ba471f8ed76b1363e4
  Nuke: 0134d56b7c9dd3e69e9bce8bdcb37c2e0d55469f
  ReachabilitySwift: 4032e2f59586e11e3b0ebe15b167abdd587a388b
  RxAppState: b633d7370970ecb80081912ea08a7bf3eb644b4e
  RxCocoa: e741b9749968e8a143e2b787f1dfbff2b63d0a5c
  RxGesture: a3f8dd6adf078110ed5e1c9c30d09d705a09852e
  RxRelay: 89d54507f4fd4d969e6ec1d4bd7f3673640b4640
  RxSwift: e2dc62b366a3adf6a0be44ba9f405efd4c94e0c4
  SnapKit: 97b92857e3df3a0c71833cce143274bf6ef8e5eb
  Starscream: 4bb2f9942274833f7b4d296a55504dcfc7edb7b0
  StreamChat: 949fae87a75fd8093330051fb87610193bab0fa8
  StreamChatCore: 6b994cce5ceedcdbba4b55383099816927977568
  SwiftyGif: f7702483db93586a41f04f4927cd682852a2fa10

PODFILE CHECKSUM: 0914703eb06e6a7db082448d2137e0c979bb6ca0

COCOAPODS: 1.8.4
